// !$*UTF8*$!
{
	archiveVersion = 1;
	classes = {
	};
	objectVersion = 50;
	objects = {

/* Begin PBXBuildFile section */
		F1B4036F231D8B8500163CAD /* NumberSugariOS.h in Headers */ = {isa = PBXBuildFile; fileRef = F1B4036D231D8B8500163CAD /* NumberSugariOS.h */; settings = {ATTRIBUTES = (Public, ); }; };
		F1B40373231D8B9600163CAD /* NumberParser.swift in Sources */ = {isa = PBXBuildFile; fileRef = F1C58008231C36E1000E15A4 /* NumberParser.swift */; };
		F1B40374231D8B9600163CAD /* UIntExtension.swift in Sources */ = {isa = PBXBuildFile; fileRef = F1C5800A231C36E1000E15A4 /* UIntExtension.swift */; };
		F1B40375231D8B9600163CAD /* UIntParser.swift in Sources */ = {isa = PBXBuildFile; fileRef = F1C5800B231C36E1000E15A4 /* UIntParser.swift */; };
		F1B40376231D8B9600163CAD /* IntAsserter.swift in Sources */ = {isa = PBXBuildFile; fileRef = F1C5800D231C36E1000E15A4 /* IntAsserter.swift */; };
		F1B40377231D8B9600163CAD /* IntParser.swift in Sources */ = {isa = PBXBuildFile; fileRef = F1C5800E231C36E1000E15A4 /* IntParser.swift */; };
		F1B40378231D8B9600163CAD /* IntExtension.swift in Sources */ = {isa = PBXBuildFile; fileRef = F1C5800F231C36E1000E15A4 /* IntExtension.swift */; };
		F1B40379231D8B9600163CAD /* NumberAsserter.swift in Sources */ = {isa = PBXBuildFile; fileRef = F1C58010231C36E1000E15A4 /* NumberAsserter.swift */; };
		F1B4037A231D8B9600163CAD /* FloatExtensions.swift in Sources */ = {isa = PBXBuildFile; fileRef = F1C58012231C36E1000E15A4 /* FloatExtensions.swift */; };
		F1B4037B231D8B9600163CAD /* CGFloatAsserter.swift in Sources */ = {isa = PBXBuildFile; fileRef = F1C58014231C36E1000E15A4 /* CGFloatAsserter.swift */; };
		F1B4037C231D8B9600163CAD /* CGFloatExtension.swift in Sources */ = {isa = PBXBuildFile; fileRef = F1C58015231C36E1000E15A4 /* CGFloatExtension.swift */; };
		F1B4037D231D8B9600163CAD /* CGFloatParser.swift in Sources */ = {isa = PBXBuildFile; fileRef = F1C58016231C36E1000E15A4 /* CGFloatParser.swift */; };
		F1B4037E231D8B9600163CAD /* CGFloatRangeParser.swift in Sources */ = {isa = PBXBuildFile; fileRef = F1C58018231C36E1000E15A4 /* CGFloatRangeParser.swift */; };
		F1B4037F231D8B9600163CAD /* CGFloatRangeAsserter.swift in Sources */ = {isa = PBXBuildFile; fileRef = F1C58019231C36E1000E15A4 /* CGFloatRangeAsserter.swift */; };
		F1B40380231D8B9600163CAD /* CGFloatModifier.swift in Sources */ = {isa = PBXBuildFile; fileRef = F1C5801A231C36E1000E15A4 /* CGFloatModifier.swift */; };
		F1B40381231D8B9600163CAD /* DoubleExtension.swift in Sources */ = {isa = PBXBuildFile; fileRef = F1C5801C231C36E1000E15A4 /* DoubleExtension.swift */; };
		F1B40382231D8B9600163CAD /* ArithmeticKind.swift in Sources */ = {isa = PBXBuildFile; fileRef = F1C5801E231C36E1000E15A4 /* ArithmeticKind.swift */; };
		F1B40383231D8BE100163CAD /* NumberParser.swift in Sources */ = {isa = PBXBuildFile; fileRef = F1C58008231C36E1000E15A4 /* NumberParser.swift */; };
		F1B40384231D8BE100163CAD /* UIntExtension.swift in Sources */ = {isa = PBXBuildFile; fileRef = F1C5800A231C36E1000E15A4 /* UIntExtension.swift */; };
		F1B40385231D8BE100163CAD /* UIntParser.swift in Sources */ = {isa = PBXBuildFile; fileRef = F1C5800B231C36E1000E15A4 /* UIntParser.swift */; };
		F1B40386231D8BE100163CAD /* IntAsserter.swift in Sources */ = {isa = PBXBuildFile; fileRef = F1C5800D231C36E1000E15A4 /* IntAsserter.swift */; };
		F1B40387231D8BE100163CAD /* IntParser.swift in Sources */ = {isa = PBXBuildFile; fileRef = F1C5800E231C36E1000E15A4 /* IntParser.swift */; };
		F1B40388231D8BE100163CAD /* IntExtension.swift in Sources */ = {isa = PBXBuildFile; fileRef = F1C5800F231C36E1000E15A4 /* IntExtension.swift */; };
		F1B40389231D8BE100163CAD /* NumberAsserter.swift in Sources */ = {isa = PBXBuildFile; fileRef = F1C58010231C36E1000E15A4 /* NumberAsserter.swift */; };
		F1B4038A231D8BE100163CAD /* FloatExtensions.swift in Sources */ = {isa = PBXBuildFile; fileRef = F1C58012231C36E1000E15A4 /* FloatExtensions.swift */; };
		F1B4038B231D8BE100163CAD /* CGFloatAsserter.swift in Sources */ = {isa = PBXBuildFile; fileRef = F1C58014231C36E1000E15A4 /* CGFloatAsserter.swift */; };
		F1B4038C231D8BE100163CAD /* CGFloatExtension.swift in Sources */ = {isa = PBXBuildFile; fileRef = F1C58015231C36E1000E15A4 /* CGFloatExtension.swift */; };
		F1B4038D231D8BE100163CAD /* CGFloatParser.swift in Sources */ = {isa = PBXBuildFile; fileRef = F1C58016231C36E1000E15A4 /* CGFloatParser.swift */; };
		F1B4038E231D8BE100163CAD /* CGFloatRangeParser.swift in Sources */ = {isa = PBXBuildFile; fileRef = F1C58018231C36E1000E15A4 /* CGFloatRangeParser.swift */; };
		F1B4038F231D8BE100163CAD /* CGFloatRangeAsserter.swift in Sources */ = {isa = PBXBuildFile; fileRef = F1C58019231C36E1000E15A4 /* CGFloatRangeAsserter.swift */; };
		F1B40390231D8BE100163CAD /* CGFloatModifier.swift in Sources */ = {isa = PBXBuildFile; fileRef = F1C5801A231C36E1000E15A4 /* CGFloatModifier.swift */; };
		F1B40391231D8BE100163CAD /* DoubleExtension.swift in Sources */ = {isa = PBXBuildFile; fileRef = F1C5801C231C36E1000E15A4 /* DoubleExtension.swift */; };
		F1B40392231D8BE100163CAD /* ArithmeticKind.swift in Sources */ = {isa = PBXBuildFile; fileRef = F1C5801E231C36E1000E15A4 /* ArithmeticKind.swift */; };
		F1C58001231C36AC000E15A4 /* NumberSugarMacOS.h in Headers */ = {isa = PBXBuildFile; fileRef = F1C57FFF231C36AC000E15A4 /* NumberSugarMacOS.h */; settings = {ATTRIBUTES = (Public, ); }; };
/* End PBXBuildFile section */

/* Begin PBXFileReference section */
		F1B4036B231D8B8500163CAD /* NumberSugariOS.framework */ = {isa = PBXFileReference; explicitFileType = wrapper.framework; includeInIndex = 0; path = NumberSugariOS.framework; sourceTree = BUILT_PRODUCTS_DIR; };
		F1B4036D231D8B8500163CAD /* NumberSugariOS.h */ = {isa = PBXFileReference; lastKnownFileType = sourcecode.c.h; path = NumberSugariOS.h; sourceTree = "<group>"; };
		F1B4036E231D8B8500163CAD /* Info.plist */ = {isa = PBXFileReference; lastKnownFileType = text.plist.xml; path = Info.plist; sourceTree = "<group>"; };
		F1C57FFC231C36AC000E15A4 /* NumberSugarMacOS.framework */ = {isa = PBXFileReference; explicitFileType = wrapper.framework; includeInIndex = 0; path = NumberSugarMacOS.framework; sourceTree = BUILT_PRODUCTS_DIR; };
		F1C57FFF231C36AC000E15A4 /* NumberSugarMacOS.h */ = {isa = PBXFileReference; lastKnownFileType = sourcecode.c.h; path = NumberSugarMacOS.h; sourceTree = "<group>"; };
		F1C58000231C36AC000E15A4 /* Info.plist */ = {isa = PBXFileReference; lastKnownFileType = text.plist.xml; path = Info.plist; sourceTree = "<group>"; };
		F1C58008231C36E1000E15A4 /* NumberParser.swift */ = {isa = PBXFileReference; fileEncoding = 4; lastKnownFileType = sourcecode.swift; path = NumberParser.swift; sourceTree = "<group>"; };
		F1C5800A231C36E1000E15A4 /* UIntExtension.swift */ = {isa = PBXFileReference; fileEncoding = 4; lastKnownFileType = sourcecode.swift; path = UIntExtension.swift; sourceTree = "<group>"; };
		F1C5800B231C36E1000E15A4 /* UIntParser.swift */ = {isa = PBXFileReference; fileEncoding = 4; lastKnownFileType = sourcecode.swift; path = UIntParser.swift; sourceTree = "<group>"; };
		F1C5800D231C36E1000E15A4 /* IntAsserter.swift */ = {isa = PBXFileReference; fileEncoding = 4; lastKnownFileType = sourcecode.swift; path = IntAsserter.swift; sourceTree = "<group>"; };
		F1C5800E231C36E1000E15A4 /* IntParser.swift */ = {isa = PBXFileReference; fileEncoding = 4; lastKnownFileType = sourcecode.swift; path = IntParser.swift; sourceTree = "<group>"; };
		F1C5800F231C36E1000E15A4 /* IntExtension.swift */ = {isa = PBXFileReference; fileEncoding = 4; lastKnownFileType = sourcecode.swift; path = IntExtension.swift; sourceTree = "<group>"; };
		F1C58010231C36E1000E15A4 /* NumberAsserter.swift */ = {isa = PBXFileReference; fileEncoding = 4; lastKnownFileType = sourcecode.swift; path = NumberAsserter.swift; sourceTree = "<group>"; };
		F1C58012231C36E1000E15A4 /* FloatExtensions.swift */ = {isa = PBXFileReference; fileEncoding = 4; lastKnownFileType = sourcecode.swift; path = FloatExtensions.swift; sourceTree = "<group>"; };
		F1C58014231C36E1000E15A4 /* CGFloatAsserter.swift */ = {isa = PBXFileReference; fileEncoding = 4; lastKnownFileType = sourcecode.swift; path = CGFloatAsserter.swift; sourceTree = "<group>"; };
		F1C58015231C36E1000E15A4 /* CGFloatExtension.swift */ = {isa = PBXFileReference; fileEncoding = 4; lastKnownFileType = sourcecode.swift; path = CGFloatExtension.swift; sourceTree = "<group>"; };
		F1C58016231C36E1000E15A4 /* CGFloatParser.swift */ = {isa = PBXFileReference; fileEncoding = 4; lastKnownFileType = sourcecode.swift; path = CGFloatParser.swift; sourceTree = "<group>"; };
		F1C58018231C36E1000E15A4 /* CGFloatRangeParser.swift */ = {isa = PBXFileReference; fileEncoding = 4; lastKnownFileType = sourcecode.swift; path = CGFloatRangeParser.swift; sourceTree = "<group>"; };
		F1C58019231C36E1000E15A4 /* CGFloatRangeAsserter.swift */ = {isa = PBXFileReference; fileEncoding = 4; lastKnownFileType = sourcecode.swift; path = CGFloatRangeAsserter.swift; sourceTree = "<group>"; };
		F1C5801A231C36E1000E15A4 /* CGFloatModifier.swift */ = {isa = PBXFileReference; fileEncoding = 4; lastKnownFileType = sourcecode.swift; path = CGFloatModifier.swift; sourceTree = "<group>"; };
		F1C5801C231C36E1000E15A4 /* DoubleExtension.swift */ = {isa = PBXFileReference; fileEncoding = 4; lastKnownFileType = sourcecode.swift; path = DoubleExtension.swift; sourceTree = "<group>"; };
		F1C5801E231C36E1000E15A4 /* ArithmeticKind.swift */ = {isa = PBXFileReference; fileEncoding = 4; lastKnownFileType = sourcecode.swift; path = ArithmeticKind.swift; sourceTree = "<group>"; };
/* End PBXFileReference section */

/* Begin PBXFrameworksBuildPhase section */
		F1B40368231D8B8500163CAD /* Frameworks */ = {
			isa = PBXFrameworksBuildPhase;
			buildActionMask = 2147483647;
			files = (
			);
			runOnlyForDeploymentPostprocessing = 0;
		};
		F1C57FF9231C36AC000E15A4 /* Frameworks */ = {
			isa = PBXFrameworksBuildPhase;
			buildActionMask = 2147483647;
			files = (
			);
			runOnlyForDeploymentPostprocessing = 0;
		};
/* End PBXFrameworksBuildPhase section */

/* Begin PBXGroup section */
		F1B4036C231D8B8500163CAD /* NumberSugariOS */ = {
			isa = PBXGroup;
			children = (
				F1B4036D231D8B8500163CAD /* NumberSugariOS.h */,
				F1B4036E231D8B8500163CAD /* Info.plist */,
			);
			path = NumberSugariOS;
			sourceTree = "<group>";
		};
		F1C57FF2231C36AC000E15A4 = {
			isa = PBXGroup;
			children = (
				F1C58007231C36E1000E15A4 /* src */,
				F1C57FFE231C36AC000E15A4 /* NumberSugarMacOS */,
				F1B4036C231D8B8500163CAD /* NumberSugariOS */,
				F1C57FFD231C36AC000E15A4 /* Products */,
			);
			sourceTree = "<group>";
		};
		F1C57FFD231C36AC000E15A4 /* Products */ = {
			isa = PBXGroup;
			children = (
				F1C57FFC231C36AC000E15A4 /* NumberSugarMacOS.framework */,
				F1B4036B231D8B8500163CAD /* NumberSugariOS.framework */,
			);
			name = Products;
			sourceTree = "<group>";
		};
		F1C57FFE231C36AC000E15A4 /* NumberSugarMacOS */ = {
			isa = PBXGroup;
			children = (
				F1C57FFF231C36AC000E15A4 /* NumberSugarMacOS.h */,
				F1C58000231C36AC000E15A4 /* Info.plist */,
			);
			path = NumberSugarMacOS;
			sourceTree = "<group>";
		};
		F1C58007231C36E1000E15A4 /* src */ = {
			isa = PBXGroup;
			children = (
				F1C58008231C36E1000E15A4 /* NumberParser.swift */,
				F1C58009231C36E1000E15A4 /* uint */,
				F1C5800C231C36E1000E15A4 /* int */,
				F1C58010231C36E1000E15A4 /* NumberAsserter.swift */,
				F1C58011231C36E1000E15A4 /* float */,
				F1C58013231C36E1000E15A4 /* cgfloat */,
				F1C5801B231C36E1000E15A4 /* double */,
				F1C5801D231C36E1000E15A4 /* generic */,
			);
			path = src;
			sourceTree = "<group>";
		};
		F1C58009231C36E1000E15A4 /* uint */ = {
			isa = PBXGroup;
			children = (
				F1C5800A231C36E1000E15A4 /* UIntExtension.swift */,
				F1C5800B231C36E1000E15A4 /* UIntParser.swift */,
			);
			path = uint;
			sourceTree = "<group>";
		};
		F1C5800C231C36E1000E15A4 /* int */ = {
			isa = PBXGroup;
			children = (
				F1C5800D231C36E1000E15A4 /* IntAsserter.swift */,
				F1C5800E231C36E1000E15A4 /* IntParser.swift */,
				F1C5800F231C36E1000E15A4 /* IntExtension.swift */,
			);
			path = int;
			sourceTree = "<group>";
		};
		F1C58011231C36E1000E15A4 /* float */ = {
			isa = PBXGroup;
			children = (
				F1C58012231C36E1000E15A4 /* FloatExtensions.swift */,
			);
			path = float;
			sourceTree = "<group>";
		};
		F1C58013231C36E1000E15A4 /* cgfloat */ = {
			isa = PBXGroup;
			children = (
				F1C58014231C36E1000E15A4 /* CGFloatAsserter.swift */,
				F1C58015231C36E1000E15A4 /* CGFloatExtension.swift */,
				F1C58016231C36E1000E15A4 /* CGFloatParser.swift */,
				F1C58017231C36E1000E15A4 /* range */,
				F1C5801A231C36E1000E15A4 /* CGFloatModifier.swift */,
			);
			path = cgfloat;
			sourceTree = "<group>";
		};
		F1C58017231C36E1000E15A4 /* range */ = {
			isa = PBXGroup;
			children = (
				F1C58018231C36E1000E15A4 /* CGFloatRangeParser.swift */,
				F1C58019231C36E1000E15A4 /* CGFloatRangeAsserter.swift */,
			);
			path = range;
			sourceTree = "<group>";
		};
		F1C5801B231C36E1000E15A4 /* double */ = {
			isa = PBXGroup;
			children = (
				F1C5801C231C36E1000E15A4 /* DoubleExtension.swift */,
			);
			path = double;
			sourceTree = "<group>";
		};
		F1C5801D231C36E1000E15A4 /* generic */ = {
			isa = PBXGroup;
			children = (
				F1C5801E231C36E1000E15A4 /* ArithmeticKind.swift */,
			);
			path = generic;
			sourceTree = "<group>";
		};
/* End PBXGroup section */

/* Begin PBXHeadersBuildPhase section */
		F1B40366231D8B8500163CAD /* Headers */ = {
			isa = PBXHeadersBuildPhase;
			buildActionMask = 2147483647;
			files = (
				F1B4036F231D8B8500163CAD /* NumberSugariOS.h in Headers */,
			);
			runOnlyForDeploymentPostprocessing = 0;
		};
		F1C57FF7231C36AC000E15A4 /* Headers */ = {
			isa = PBXHeadersBuildPhase;
			buildActionMask = 2147483647;
			files = (
				F1C58001231C36AC000E15A4 /* NumberSugarMacOS.h in Headers */,
			);
			runOnlyForDeploymentPostprocessing = 0;
		};
/* End PBXHeadersBuildPhase section */

/* Begin PBXNativeTarget section */
		F1B4036A231D8B8500163CAD /* NumberSugariOS */ = {
			isa = PBXNativeTarget;
			buildConfigurationList = F1B40370231D8B8500163CAD /* Build configuration list for PBXNativeTarget "NumberSugariOS" */;
			buildPhases = (
				F1B40366231D8B8500163CAD /* Headers */,
				F1B40367231D8B8500163CAD /* Sources */,
				F1B40368231D8B8500163CAD /* Frameworks */,
				F1B40369231D8B8500163CAD /* Resources */,
			);
			buildRules = (
			);
			dependencies = (
			);
			name = NumberSugariOS;
			productName = NumberSugariOS;
			productReference = F1B4036B231D8B8500163CAD /* NumberSugariOS.framework */;
			productType = "com.apple.product-type.framework";
		};
		F1C57FFB231C36AC000E15A4 /* NumberSugarMacOS */ = {
			isa = PBXNativeTarget;
			buildConfigurationList = F1C58004231C36AC000E15A4 /* Build configuration list for PBXNativeTarget "NumberSugarMacOS" */;
			buildPhases = (
				F1C57FF7231C36AC000E15A4 /* Headers */,
				F1C57FF8231C36AC000E15A4 /* Sources */,
				F1C57FF9231C36AC000E15A4 /* Frameworks */,
				F1C57FFA231C36AC000E15A4 /* Resources */,
				F1B40365231C4F4600163CAD /* ShellScript */,
			);
			buildRules = (
			);
			dependencies = (
			);
			name = NumberSugarMacOS;
			productName = NumberSugarMacOS;
			productReference = F1C57FFC231C36AC000E15A4 /* NumberSugarMacOS.framework */;
			productType = "com.apple.product-type.framework";
		};
/* End PBXNativeTarget section */

/* Begin PBXProject section */
		F1C57FF3231C36AC000E15A4 /* Project object */ = {
			isa = PBXProject;
			attributes = {
				LastUpgradeCheck = 1120;
				ORGANIZATIONNAME = FutureLab;
				TargetAttributes = {
					F1B4036A231D8B8500163CAD = {
						CreatedOnToolsVersion = 10.2;
					};
					F1C57FFB231C36AC000E15A4 = {
						CreatedOnToolsVersion = 10.2;
					};
				};
			};
			buildConfigurationList = F1C57FF6231C36AC000E15A4 /* Build configuration list for PBXProject "NumberSugarMacOS" */;
			compatibilityVersion = "Xcode 9.3";
			developmentRegion = en;
			hasScannedForEncodings = 0;
			knownRegions = (
				en,
				Base,
			);
			mainGroup = F1C57FF2231C36AC000E15A4;
			productRefGroup = F1C57FFD231C36AC000E15A4 /* Products */;
			projectDirPath = "";
			projectRoot = "";
			targets = (
				F1C57FFB231C36AC000E15A4 /* NumberSugarMacOS */,
				F1B4036A231D8B8500163CAD /* NumberSugariOS */,
			);
		};
/* End PBXProject section */

/* Begin PBXResourcesBuildPhase section */
		F1B40369231D8B8500163CAD /* Resources */ = {
			isa = PBXResourcesBuildPhase;
			buildActionMask = 2147483647;
			files = (
			);
			runOnlyForDeploymentPostprocessing = 0;
		};
		F1C57FFA231C36AC000E15A4 /* Resources */ = {
			isa = PBXResourcesBuildPhase;
			buildActionMask = 2147483647;
			files = (
			);
			runOnlyForDeploymentPostprocessing = 0;
		};
/* End PBXResourcesBuildPhase section */

/* Begin PBXShellScriptBuildPhase section */
		F1B40365231C4F4600163CAD /* ShellScript */ = {
			isa = PBXShellScriptBuildPhase;
			buildActionMask = 2147483647;
			files = (
			);
			inputFileListPaths = (
			);
			inputPaths = (
			);
			outputFileListPaths = (
			);
			outputPaths = (
			);
			runOnlyForDeploymentPostprocessing = 0;
			shellPath = /bin/sh;
			shellScript = "if which swiftlint >/dev/null; then\nswiftlint\nelse\necho \"warning: SwiftLint not installed, download from https://github.com/realm/SwiftLint\"\nfi\n";
		};
/* End PBXShellScriptBuildPhase section */

/* Begin PBXSourcesBuildPhase section */
		F1B40367231D8B8500163CAD /* Sources */ = {
			isa = PBXSourcesBuildPhase;
			buildActionMask = 2147483647;
			files = (
				F1B40381231D8B9600163CAD /* DoubleExtension.swift in Sources */,
				F1B40376231D8B9600163CAD /* IntAsserter.swift in Sources */,
				F1B4037E231D8B9600163CAD /* CGFloatRangeParser.swift in Sources */,
				F1B4037F231D8B9600163CAD /* CGFloatRangeAsserter.swift in Sources */,
				F1B40379231D8B9600163CAD /* NumberAsserter.swift in Sources */,
				F1B40375231D8B9600163CAD /* UIntParser.swift in Sources */,
				F1B4037B231D8B9600163CAD /* CGFloatAsserter.swift in Sources */,
				F1B40373231D8B9600163CAD /* NumberParser.swift in Sources */,
				F1B40377231D8B9600163CAD /* IntParser.swift in Sources */,
				F1B4037C231D8B9600163CAD /* CGFloatExtension.swift in Sources */,
				F1B40380231D8B9600163CAD /* CGFloatModifier.swift in Sources */,
				F1B4037D231D8B9600163CAD /* CGFloatParser.swift in Sources */,
				F1B40374231D8B9600163CAD /* UIntExtension.swift in Sources */,
				F1B4037A231D8B9600163CAD /* FloatExtensions.swift in Sources */,
				F1B40378231D8B9600163CAD /* IntExtension.swift in Sources */,
				F1B40382231D8B9600163CAD /* ArithmeticKind.swift in Sources */,
			);
			runOnlyForDeploymentPostprocessing = 0;
		};
		F1C57FF8231C36AC000E15A4 /* Sources */ = {
			isa = PBXSourcesBuildPhase;
			buildActionMask = 2147483647;
			files = (
				F1B40391231D8BE100163CAD /* DoubleExtension.swift in Sources */,
				F1B40386231D8BE100163CAD /* IntAsserter.swift in Sources */,
				F1B4038E231D8BE100163CAD /* CGFloatRangeParser.swift in Sources */,
				F1B4038F231D8BE100163CAD /* CGFloatRangeAsserter.swift in Sources */,
				F1B40389231D8BE100163CAD /* NumberAsserter.swift in Sources */,
				F1B40385231D8BE100163CAD /* UIntParser.swift in Sources */,
				F1B4038B231D8BE100163CAD /* CGFloatAsserter.swift in Sources */,
				F1B40383231D8BE100163CAD /* NumberParser.swift in Sources */,
				F1B40387231D8BE100163CAD /* IntParser.swift in Sources */,
				F1B4038C231D8BE100163CAD /* CGFloatExtension.swift in Sources */,
				F1B40390231D8BE100163CAD /* CGFloatModifier.swift in Sources */,
				F1B4038D231D8BE100163CAD /* CGFloatParser.swift in Sources */,
				F1B40384231D8BE100163CAD /* UIntExtension.swift in Sources */,
				F1B4038A231D8BE100163CAD /* FloatExtensions.swift in Sources */,
				F1B40388231D8BE100163CAD /* IntExtension.swift in Sources */,
				F1B40392231D8BE100163CAD /* ArithmeticKind.swift in Sources */,
			);
			runOnlyForDeploymentPostprocessing = 0;
		};
/* End PBXSourcesBuildPhase section */

/* Begin XCBuildConfiguration section */
		F1B40371231D8B8500163CAD /* Debug */ = {
			isa = XCBuildConfiguration;
			buildSettings = {
				CODE_SIGN_IDENTITY = "Apple Development";
				CODE_SIGN_STYLE = Automatic;
				DEFINES_MODULE = YES;
				DEVELOPMENT_TEAM = "";
				DYLIB_COMPATIBILITY_VERSION = 1;
				DYLIB_CURRENT_VERSION = 1;
				DYLIB_INSTALL_NAME_BASE = "@rpath";
				INFOPLIST_FILE = NumberSugariOS/Info.plist;
				INSTALL_PATH = "$(LOCAL_LIBRARY_DIR)/Frameworks";
				IPHONEOS_DEPLOYMENT_TARGET = 12.2;
				LD_RUNPATH_SEARCH_PATHS = (
					"$(inherited)",
					"@executable_path/Frameworks",
					"@loader_path/Frameworks",
				);
				PRODUCT_BUNDLE_IDENTIFIER = io.github.futurelab.NumberSugariOS;
				PRODUCT_NAME = "$(TARGET_NAME:c99extidentifier)";
				SDKROOT = iphoneos;
				SKIP_INSTALL = YES;
				SUPPORTS_MACCATALYST = NO;
				SWIFT_VERSION = 5.0;
				TARGETED_DEVICE_FAMILY = 1;
			};
			name = Debug;
		};
		F1B40372231D8B8500163CAD /* Release */ = {
			isa = XCBuildConfiguration;
			buildSettings = {
				CODE_SIGN_IDENTITY = "Apple Development";
				CODE_SIGN_STYLE = Automatic;
				DEFINES_MODULE = YES;
				DEVELOPMENT_TEAM = "";
				DYLIB_COMPATIBILITY_VERSION = 1;
				DYLIB_CURRENT_VERSION = 1;
				DYLIB_INSTALL_NAME_BASE = "@rpath";
				INFOPLIST_FILE = NumberSugariOS/Info.plist;
				INSTALL_PATH = "$(LOCAL_LIBRARY_DIR)/Frameworks";
				IPHONEOS_DEPLOYMENT_TARGET = 12.2;
				LD_RUNPATH_SEARCH_PATHS = (
					"$(inherited)",
					"@executable_path/Frameworks",
					"@loader_path/Frameworks",
				);
				PRODUCT_BUNDLE_IDENTIFIER = io.github.futurelab.NumberSugariOS;
				PRODUCT_NAME = "$(TARGET_NAME:c99extidentifier)";
				SDKROOT = iphoneos;
				SKIP_INSTALL = YES;
				SUPPORTS_MACCATALYST = NO;
				SWIFT_VERSION = 5.0;
				TARGETED_DEVICE_FAMILY = 1;
				VALIDATE_PRODUCT = YES;
			};
			name = Release;
		};
		F1C58002231C36AC000E15A4 /* Debug */ = {
			isa = XCBuildConfiguration;
			buildSettings = {
				ALWAYS_SEARCH_USER_PATHS = NO;
				CLANG_ANALYZER_NONNULL = YES;
				CLANG_ANALYZER_NUMBER_OBJECT_CONVERSION = YES_AGGRESSIVE;
				CLANG_CXX_LANGUAGE_STANDARD = "gnu++14";
				CLANG_CXX_LIBRARY = "libc++";
				CLANG_ENABLE_MODULES = YES;
				CLANG_ENABLE_OBJC_ARC = YES;
				CLANG_ENABLE_OBJC_WEAK = YES;
				CLANG_WARN_BLOCK_CAPTURE_AUTORELEASING = YES;
				CLANG_WARN_BOOL_CONVERSION = YES;
				CLANG_WARN_COMMA = YES;
				CLANG_WARN_CONSTANT_CONVERSION = YES;
				CLANG_WARN_DEPRECATED_OBJC_IMPLEMENTATIONS = YES;
				CLANG_WARN_DIRECT_OBJC_ISA_USAGE = YES_ERROR;
				CLANG_WARN_DOCUMENTATION_COMMENTS = YES;
				CLANG_WARN_EMPTY_BODY = YES;
				CLANG_WARN_ENUM_CONVERSION = YES;
				CLANG_WARN_INFINITE_RECURSION = YES;
				CLANG_WARN_INT_CONVERSION = YES;
				CLANG_WARN_NON_LITERAL_NULL_CONVERSION = YES;
				CLANG_WARN_OBJC_IMPLICIT_RETAIN_SELF = YES;
				CLANG_WARN_OBJC_LITERAL_CONVERSION = YES;
				CLANG_WARN_OBJC_ROOT_CLASS = YES_ERROR;
				CLANG_WARN_RANGE_LOOP_ANALYSIS = YES;
				CLANG_WARN_STRICT_PROTOTYPES = YES;
				CLANG_WARN_SUSPICIOUS_MOVE = YES;
				CLANG_WARN_UNGUARDED_AVAILABILITY = YES_AGGRESSIVE;
				CLANG_WARN_UNREACHABLE_CODE = YES;
				CLANG_WARN__DUPLICATE_METHOD_MATCH = YES;
				CODE_SIGN_IDENTITY = "-";
				COPY_PHASE_STRIP = NO;
				CURRENT_PROJECT_VERSION = 1;
				DEBUG_INFORMATION_FORMAT = dwarf;
				ENABLE_STRICT_OBJC_MSGSEND = YES;
				ENABLE_TESTABILITY = YES;
				GCC_C_LANGUAGE_STANDARD = gnu11;
				GCC_DYNAMIC_NO_PIC = NO;
				GCC_NO_COMMON_BLOCKS = YES;
				GCC_OPTIMIZATION_LEVEL = 0;
				GCC_PREPROCESSOR_DEFINITIONS = (
					"DEBUG=1",
					"$(inherited)",
				);
				GCC_WARN_64_TO_32_BIT_CONVERSION = YES;
				GCC_WARN_ABOUT_RETURN_TYPE = YES_ERROR;
				GCC_WARN_UNDECLARED_SELECTOR = YES;
				GCC_WARN_UNINITIALIZED_AUTOS = YES_AGGRESSIVE;
				GCC_WARN_UNUSED_FUNCTION = YES;
				GCC_WARN_UNUSED_VARIABLE = YES;
				MACOSX_DEPLOYMENT_TARGET = 10.14;
				MTL_ENABLE_DEBUG_INFO = INCLUDE_SOURCE;
				MTL_FAST_MATH = YES;
				ONLY_ACTIVE_ARCH = YES;
				SDKROOT = macosx;
				SWIFT_ACTIVE_COMPILATION_CONDITIONS = DEBUG;
				SWIFT_OPTIMIZATION_LEVEL = "-Onone";
				VERSIONING_SYSTEM = "apple-generic";
				VERSION_INFO_PREFIX = "";
			};
			name = Debug;
		};
		F1C58003231C36AC000E15A4 /* Release */ = {
			isa = XCBuildConfiguration;
			buildSettings = {
				ALWAYS_SEARCH_USER_PATHS = NO;
				CLANG_ANALYZER_NONNULL = YES;
				CLANG_ANALYZER_NUMBER_OBJECT_CONVERSION = YES_AGGRESSIVE;
				CLANG_CXX_LANGUAGE_STANDARD = "gnu++14";
				CLANG_CXX_LIBRARY = "libc++";
				CLANG_ENABLE_MODULES = YES;
				CLANG_ENABLE_OBJC_ARC = YES;
				CLANG_ENABLE_OBJC_WEAK = YES;
				CLANG_WARN_BLOCK_CAPTURE_AUTORELEASING = YES;
				CLANG_WARN_BOOL_CONVERSION = YES;
				CLANG_WARN_COMMA = YES;
				CLANG_WARN_CONSTANT_CONVERSION = YES;
				CLANG_WARN_DEPRECATED_OBJC_IMPLEMENTATIONS = YES;
				CLANG_WARN_DIRECT_OBJC_ISA_USAGE = YES_ERROR;
				CLANG_WARN_DOCUMENTATION_COMMENTS = YES;
				CLANG_WARN_EMPTY_BODY = YES;
				CLANG_WARN_ENUM_CONVERSION = YES;
				CLANG_WARN_INFINITE_RECURSION = YES;
				CLANG_WARN_INT_CONVERSION = YES;
				CLANG_WARN_NON_LITERAL_NULL_CONVERSION = YES;
				CLANG_WARN_OBJC_IMPLICIT_RETAIN_SELF = YES;
				CLANG_WARN_OBJC_LITERAL_CONVERSION = YES;
				CLANG_WARN_OBJC_ROOT_CLASS = YES_ERROR;
				CLANG_WARN_RANGE_LOOP_ANALYSIS = YES;
				CLANG_WARN_STRICT_PROTOTYPES = YES;
				CLANG_WARN_SUSPICIOUS_MOVE = YES;
				CLANG_WARN_UNGUARDED_AVAILABILITY = YES_AGGRESSIVE;
				CLANG_WARN_UNREACHABLE_CODE = YES;
				CLANG_WARN__DUPLICATE_METHOD_MATCH = YES;
				CODE_SIGN_IDENTITY = "-";
				COPY_PHASE_STRIP = NO;
				CURRENT_PROJECT_VERSION = 1;
				DEBUG_INFORMATION_FORMAT = "dwarf-with-dsym";
				ENABLE_NS_ASSERTIONS = NO;
				ENABLE_STRICT_OBJC_MSGSEND = YES;
				GCC_C_LANGUAGE_STANDARD = gnu11;
				GCC_NO_COMMON_BLOCKS = YES;
				GCC_WARN_64_TO_32_BIT_CONVERSION = YES;
				GCC_WARN_ABOUT_RETURN_TYPE = YES_ERROR;
				GCC_WARN_UNDECLARED_SELECTOR = YES;
				GCC_WARN_UNINITIALIZED_AUTOS = YES_AGGRESSIVE;
				GCC_WARN_UNUSED_FUNCTION = YES;
				GCC_WARN_UNUSED_VARIABLE = YES;
				MACOSX_DEPLOYMENT_TARGET = 10.14;
				MTL_ENABLE_DEBUG_INFO = NO;
				MTL_FAST_MATH = YES;
				SDKROOT = macosx;
				SWIFT_COMPILATION_MODE = wholemodule;
				SWIFT_OPTIMIZATION_LEVEL = "-O";
				VERSIONING_SYSTEM = "apple-generic";
				VERSION_INFO_PREFIX = "";
			};
			name = Release;
		};
		F1C58005231C36AC000E15A4 /* Debug */ = {
			isa = XCBuildConfiguration;
			buildSettings = {
				CODE_SIGN_IDENTITY = "Apple Development";
				CODE_SIGN_STYLE = Automatic;
				COMBINE_HIDPI_IMAGES = YES;
				DEFINES_MODULE = YES;
				DEVELOPMENT_TEAM = "";
				DYLIB_COMPATIBILITY_VERSION = 1;
				DYLIB_CURRENT_VERSION = 1;
				DYLIB_INSTALL_NAME_BASE = "@rpath";
				FRAMEWORK_VERSION = A;
				INFOPLIST_FILE = NumberSugarMacOS/Info.plist;
				INSTALL_PATH = "$(LOCAL_LIBRARY_DIR)/Frameworks";
				LD_RUNPATH_SEARCH_PATHS = (
					"$(inherited)",
					"@executable_path/../Frameworks",
					"@loader_path/Frameworks",
				);
				PRODUCT_BUNDLE_IDENTIFIER = io.github.futurelab.NumberSugarMacOS;
				PRODUCT_NAME = "$(TARGET_NAME:c99extidentifier)";
				SKIP_INSTALL = YES;
				SWIFT_VERSION = 5.0;
			};
			name = Debug;
		};
		F1C58006231C36AC000E15A4 /* Release */ = {
			isa = XCBuildConfiguration;
			buildSettings = {
				CODE_SIGN_IDENTITY = "Apple Development";
				CODE_SIGN_STYLE = Automatic;
				COMBINE_HIDPI_IMAGES = YES;
				DEFINES_MODULE = YES;
				DEVELOPMENT_TEAM = "";
				DYLIB_COMPATIBILITY_VERSION = 1;
				DYLIB_CURRENT_VERSION = 1;
				DYLIB_INSTALL_NAME_BASE = "@rpath";
				FRAMEWORK_VERSION = A;
				INFOPLIST_FILE = NumberSugarMacOS/Info.plist;
				INSTALL_PATH = "$(LOCAL_LIBRARY_DIR)/Frameworks";
				LD_RUNPATH_SEARCH_PATHS = (
					"$(inherited)",
					"@executable_path/../Frameworks",
					"@loader_path/Frameworks",
				);
				PRODUCT_BUNDLE_IDENTIFIER = io.github.futurelab.NumberSugarMacOS;
				PRODUCT_NAME = "$(TARGET_NAME:c99extidentifier)";
				SKIP_INSTALL = YES;
				SWIFT_VERSION = 5.0;
			};
			name = Release;
		};
/* End XCBuildConfiguration section */

/* Begin XCConfigurationList section */
		F1B40370231D8B8500163CAD /* Build configuration list for PBXNativeTarget "NumberSugariOS" */ = {
			isa = XCConfigurationList;
			buildConfigurations = (
				F1B40371231D8B8500163CAD /* Debug */,
				F1B40372231D8B8500163CAD /* Release */,
			);
			defaultConfigurationIsVisible = 0;
			defaultConfigurationName = Release;
		};
		F1C57FF6231C36AC000E15A4 /* Build configuration list for PBXProject "NumberSugarMacOS" */ = {
			isa = XCConfigurationList;
			buildConfigurations = (
				F1C58002231C36AC000E15A4 /* Debug */,
				F1C58003231C36AC000E15A4 /* Release */,
			);
			defaultConfigurationIsVisible = 0;
			defaultConfigurationName = Release;
		};
		F1C58004231C36AC000E15A4 /* Build configuration list for PBXNativeTarget "NumberSugarMacOS" */ = {
			isa = XCConfigurationList;
			buildConfigurations = (
				F1C58005231C36AC000E15A4 /* Debug */,
				F1C58006231C36AC000E15A4 /* Release */,
			);
			defaultConfigurationIsVisible = 0;
			defaultConfigurationName = Release;
		};
/* End XCConfigurationList section */
	};
	rootObject = F1C57FF3231C36AC000E15A4 /* Project object */;
}
