{
  "object": {
    "pins": [
      {
        "package": "NumberSugar",
        "repositoryURL": "https://github.com/eonist/NumberSugar.git",
        "state": {
          "branch": "master",
          "revision": "9022682a2b27a04540059c1632925a9b80a406e8",
          "version": null
        }
      }
    ]
  },
  "version": 1
}
