// !$*UTF8*$!
{
	archiveVersion = 1;
	classes = {
	};
	objectVersion = 50;
	objects = {

/* Begin PBXBuildFile section */
		F13A222D2383291400DE39B3 /* CAShapeUtil+TypeAlias.swift in Sources */ = {isa = PBXBuildFile; fileRef = F13A222C2383291400DE39B3 /* CAShapeUtil+TypeAlias.swift */; };
		F13A222E2383292B00DE39B3 /* CAShapeUtil+TypeAlias.swift in Sources */ = {isa = PBXBuildFile; fileRef = F13A222C2383291400DE39B3 /* CAShapeUtil+TypeAlias.swift */; };
		F14896D4237B0ABB0007CCA0 /* NumberSugarMacOS.framework in Frameworks */ = {isa = PBXBuildFile; fileRef = F193DF9F237A0B7D004D4334 /* NumberSugarMacOS.framework */; };
		F14896D5237B0ABB0007CCA0 /* NumberSugarMacOS.framework in Embed Frameworks */ = {isa = PBXBuildFile; fileRef = F193DF9F237A0B7D004D4334 /* NumberSugarMacOS.framework */; settings = {ATTRIBUTES = (CodeSignOnCopy, RemoveHeadersOnCopy, ); }; };
		F17640382383FF38003FCFA6 /* CALayer+Extension.swift in Sources */ = {isa = PBXBuildFile; fileRef = F17640372383FF38003FCFA6 /* CALayer+Extension.swift */; };
		F193DF172379CA32004D4334 /* NumberSugariOS.framework in Frameworks */ = {isa = PBXBuildFile; fileRef = F193DF162379CA32004D4334 /* NumberSugariOS.framework */; };
		F193DF182379CA32004D4334 /* NumberSugariOS.framework in Embed Frameworks */ = {isa = PBXBuildFile; fileRef = F193DF162379CA32004D4334 /* NumberSugariOS.framework */; settings = {ATTRIBUTES = (CodeSignOnCopy, RemoveHeadersOnCopy, ); }; };
		F193DF472379CA3F004D4334 /* CGSize+Extension.swift in Sources */ = {isa = PBXBuildFile; fileRef = F193DF1C2379CA3F004D4334 /* CGSize+Extension.swift */; };
		F193DF482379CA3F004D4334 /* CGPoint+Extension.swift in Sources */ = {isa = PBXBuildFile; fileRef = F193DF1F2379CA3F004D4334 /* CGPoint+Extension.swift */; };
		F193DF492379CA3F004D4334 /* CGPoint+Operator.swift in Sources */ = {isa = PBXBuildFile; fileRef = F193DF202379CA3F004D4334 /* CGPoint+Operator.swift */; };
		F193DF4A2379CA3F004D4334 /* CGPointTrig.swift in Sources */ = {isa = PBXBuildFile; fileRef = F193DF222379CA3F004D4334 /* CGPointTrig.swift */; };
		F193DF4B2379CA3F004D4334 /* CGPointTransformation.swift in Sources */ = {isa = PBXBuildFile; fileRef = F193DF232379CA3F004D4334 /* CGPointTransformation.swift */; };
		F193DF4C2379CA3F004D4334 /* CGPointParser.swift in Sources */ = {isa = PBXBuildFile; fileRef = F193DF242379CA3F004D4334 /* CGPointParser.swift */; };
		F193DF4D2379CA3F004D4334 /* CGPointAsserter.swift in Sources */ = {isa = PBXBuildFile; fileRef = F193DF252379CA3F004D4334 /* CGPointAsserter.swift */; };
		F193DF4E2379CA3F004D4334 /* CGPointModifier.swift in Sources */ = {isa = PBXBuildFile; fileRef = F193DF262379CA3F004D4334 /* CGPointModifier.swift */; };
		F193DF4F2379CA3F004D4334 /* CGTransform+Extension.swift in Sources */ = {isa = PBXBuildFile; fileRef = F193DF282379CA3F004D4334 /* CGTransform+Extension.swift */; };
		F193DF502379CA3F004D4334 /* CGTransformModifier.swift in Sources */ = {isa = PBXBuildFile; fileRef = F193DF292379CA3F004D4334 /* CGTransformModifier.swift */; };
		F193DF512379CA3F004D4334 /* CGTransformParser.swift in Sources */ = {isa = PBXBuildFile; fileRef = F193DF2A2379CA3F004D4334 /* CGTransformParser.swift */; };
		F193DF522379CA3F004D4334 /* CAShapeUtil.swift in Sources */ = {isa = PBXBuildFile; fileRef = F193DF2C2379CA3F004D4334 /* CAShapeUtil.swift */; };
		F193DF532379CA3F004D4334 /* LineAsserter.swift in Sources */ = {isa = PBXBuildFile; fileRef = F193DF2F2379CA3F004D4334 /* LineAsserter.swift */; };
		F193DF542379CA3F004D4334 /* LineParser.swift in Sources */ = {isa = PBXBuildFile; fileRef = F193DF302379CA3F004D4334 /* LineParser.swift */; };
		F193DF552379CA3F004D4334 /* Line.swift in Sources */ = {isa = PBXBuildFile; fileRef = F193DF312379CA3F004D4334 /* Line.swift */; };
		F193DF562379CA3F004D4334 /* CGRect+Offset.swift in Sources */ = {isa = PBXBuildFile; fileRef = F193DF342379CA3F004D4334 /* CGRect+Offset.swift */; };
		F193DF572379CA3F004D4334 /* CGRect+Operator.swift in Sources */ = {isa = PBXBuildFile; fileRef = F193DF352379CA3F004D4334 /* CGRect+Operator.swift */; };
		F193DF582379CA3F004D4334 /* CGRect+Alignement.swift in Sources */ = {isa = PBXBuildFile; fileRef = F193DF362379CA3F004D4334 /* CGRect+Alignement.swift */; };
		F193DF592379CA3F004D4334 /* CGRect+Extension.swift in Sources */ = {isa = PBXBuildFile; fileRef = F193DF372379CA3F004D4334 /* CGRect+Extension.swift */; };
		F193DF5A2379CA3F004D4334 /* CGRectParser.Side.swift in Sources */ = {isa = PBXBuildFile; fileRef = F193DF382379CA3F004D4334 /* CGRectParser.Side.swift */; };
		F193DF5B2379CA3F004D4334 /* CGRectModifier.swift in Sources */ = {isa = PBXBuildFile; fileRef = F193DF392379CA3F004D4334 /* CGRectModifier.swift */; };
		F193DF5C2379CA3F004D4334 /* CGRectParser.Path.swift in Sources */ = {isa = PBXBuildFile; fileRef = F193DF3A2379CA3F004D4334 /* CGRectParser.Path.swift */; };
		F193DF5D2379CA3F004D4334 /* CGRectParser.swift in Sources */ = {isa = PBXBuildFile; fileRef = F193DF3B2379CA3F004D4334 /* CGRectParser.swift */; };
		F193DF5E2379CA3F004D4334 /* CGRectAsserter.swift in Sources */ = {isa = PBXBuildFile; fileRef = F193DF3C2379CA3F004D4334 /* CGRectAsserter.swift */; };
		F193DF5F2379CA3F004D4334 /* CircleParser.swift in Sources */ = {isa = PBXBuildFile; fileRef = F193DF3E2379CA3F004D4334 /* CircleParser.swift */; };
		F193DF602379CA3F004D4334 /* NSBezierPathParser.swift in Sources */ = {isa = PBXBuildFile; fileRef = F193DF412379CA3F004D4334 /* NSBezierPathParser.swift */; };
		F193DF612379CA3F004D4334 /* CGPathExtensions.swift in Sources */ = {isa = PBXBuildFile; fileRef = F193DF422379CA3F004D4334 /* CGPathExtensions.swift */; };
		F193DF622379CA3F004D4334 /* CubicCurveUtils.swift in Sources */ = {isa = PBXBuildFile; fileRef = F193DF442379CA3F004D4334 /* CubicCurveUtils.swift */; };
		F193DF632379CA3F004D4334 /* CGPathModifier.swift in Sources */ = {isa = PBXBuildFile; fileRef = F193DF452379CA3F004D4334 /* CGPathModifier.swift */; };
		F193DF642379CA3F004D4334 /* CGPathParser.swift in Sources */ = {isa = PBXBuildFile; fileRef = F193DF462379CA3F004D4334 /* CGPathParser.swift */; };
		F193DF73237A0B24004D4334 /* GeomKitMacOS.framework in Frameworks */ = {isa = PBXBuildFile; fileRef = F193DF6A237A0B23004D4334 /* GeomKitMacOS.framework */; };
		F193DF78237A0B24004D4334 /* GeomKitMacOSTests.swift in Sources */ = {isa = PBXBuildFile; fileRef = F193DF77237A0B24004D4334 /* GeomKitMacOSTests.swift */; };
		F193DF7A237A0B24004D4334 /* GeomKitMacOS.h in Headers */ = {isa = PBXBuildFile; fileRef = F193DF6C237A0B23004D4334 /* GeomKitMacOS.h */; settings = {ATTRIBUTES = (Public, ); }; };
		F193DF81237A0B60004D4334 /* CGSize+Extension.swift in Sources */ = {isa = PBXBuildFile; fileRef = F193DF1C2379CA3F004D4334 /* CGSize+Extension.swift */; };
		F193DF82237A0B60004D4334 /* CGPoint+Extension.swift in Sources */ = {isa = PBXBuildFile; fileRef = F193DF1F2379CA3F004D4334 /* CGPoint+Extension.swift */; };
		F193DF83237A0B60004D4334 /* CGPoint+Operator.swift in Sources */ = {isa = PBXBuildFile; fileRef = F193DF202379CA3F004D4334 /* CGPoint+Operator.swift */; };
		F193DF84237A0B60004D4334 /* CGPointTrig.swift in Sources */ = {isa = PBXBuildFile; fileRef = F193DF222379CA3F004D4334 /* CGPointTrig.swift */; };
		F193DF85237A0B60004D4334 /* CGPointTransformation.swift in Sources */ = {isa = PBXBuildFile; fileRef = F193DF232379CA3F004D4334 /* CGPointTransformation.swift */; };
		F193DF86237A0B60004D4334 /* CGPointParser.swift in Sources */ = {isa = PBXBuildFile; fileRef = F193DF242379CA3F004D4334 /* CGPointParser.swift */; };
		F193DF87237A0B60004D4334 /* CGPointAsserter.swift in Sources */ = {isa = PBXBuildFile; fileRef = F193DF252379CA3F004D4334 /* CGPointAsserter.swift */; };
		F193DF88237A0B60004D4334 /* CGPointModifier.swift in Sources */ = {isa = PBXBuildFile; fileRef = F193DF262379CA3F004D4334 /* CGPointModifier.swift */; };
		F193DF89237A0B60004D4334 /* CGTransform+Extension.swift in Sources */ = {isa = PBXBuildFile; fileRef = F193DF282379CA3F004D4334 /* CGTransform+Extension.swift */; };
		F193DF8A237A0B60004D4334 /* CGTransformModifier.swift in Sources */ = {isa = PBXBuildFile; fileRef = F193DF292379CA3F004D4334 /* CGTransformModifier.swift */; };
		F193DF8B237A0B60004D4334 /* CGTransformParser.swift in Sources */ = {isa = PBXBuildFile; fileRef = F193DF2A2379CA3F004D4334 /* CGTransformParser.swift */; };
		F193DF8C237A0B60004D4334 /* CAShapeUtil.swift in Sources */ = {isa = PBXBuildFile; fileRef = F193DF2C2379CA3F004D4334 /* CAShapeUtil.swift */; };
		F193DF8D237A0B60004D4334 /* LineAsserter.swift in Sources */ = {isa = PBXBuildFile; fileRef = F193DF2F2379CA3F004D4334 /* LineAsserter.swift */; };
		F193DF8E237A0B60004D4334 /* LineParser.swift in Sources */ = {isa = PBXBuildFile; fileRef = F193DF302379CA3F004D4334 /* LineParser.swift */; };
		F193DF8F237A0B60004D4334 /* Line.swift in Sources */ = {isa = PBXBuildFile; fileRef = F193DF312379CA3F004D4334 /* Line.swift */; };
		F193DF90237A0B60004D4334 /* CGRect+Offset.swift in Sources */ = {isa = PBXBuildFile; fileRef = F193DF342379CA3F004D4334 /* CGRect+Offset.swift */; };
		F193DF91237A0B60004D4334 /* CGRect+Operator.swift in Sources */ = {isa = PBXBuildFile; fileRef = F193DF352379CA3F004D4334 /* CGRect+Operator.swift */; };
		F193DF92237A0B60004D4334 /* CGRect+Alignement.swift in Sources */ = {isa = PBXBuildFile; fileRef = F193DF362379CA3F004D4334 /* CGRect+Alignement.swift */; };
		F193DF93237A0B60004D4334 /* CGRect+Extension.swift in Sources */ = {isa = PBXBuildFile; fileRef = F193DF372379CA3F004D4334 /* CGRect+Extension.swift */; };
		F193DF94237A0B60004D4334 /* CGRectParser.Side.swift in Sources */ = {isa = PBXBuildFile; fileRef = F193DF382379CA3F004D4334 /* CGRectParser.Side.swift */; };
		F193DF95237A0B60004D4334 /* CGRectModifier.swift in Sources */ = {isa = PBXBuildFile; fileRef = F193DF392379CA3F004D4334 /* CGRectModifier.swift */; };
		F193DF96237A0B60004D4334 /* CGRectParser.Path.swift in Sources */ = {isa = PBXBuildFile; fileRef = F193DF3A2379CA3F004D4334 /* CGRectParser.Path.swift */; };
		F193DF97237A0B60004D4334 /* CGRectParser.swift in Sources */ = {isa = PBXBuildFile; fileRef = F193DF3B2379CA3F004D4334 /* CGRectParser.swift */; };
		F193DF98237A0B60004D4334 /* CGRectAsserter.swift in Sources */ = {isa = PBXBuildFile; fileRef = F193DF3C2379CA3F004D4334 /* CGRectAsserter.swift */; };
		F193DF99237A0B60004D4334 /* CircleParser.swift in Sources */ = {isa = PBXBuildFile; fileRef = F193DF3E2379CA3F004D4334 /* CircleParser.swift */; };
		F193DF9A237A0B60004D4334 /* NSBezierPathParser.swift in Sources */ = {isa = PBXBuildFile; fileRef = F193DF412379CA3F004D4334 /* NSBezierPathParser.swift */; };
		F193DF9B237A0B60004D4334 /* CGPathExtensions.swift in Sources */ = {isa = PBXBuildFile; fileRef = F193DF422379CA3F004D4334 /* CGPathExtensions.swift */; };
		F193DF9C237A0B60004D4334 /* CubicCurveUtils.swift in Sources */ = {isa = PBXBuildFile; fileRef = F193DF442379CA3F004D4334 /* CubicCurveUtils.swift */; };
		F193DF9D237A0B60004D4334 /* CGPathModifier.swift in Sources */ = {isa = PBXBuildFile; fileRef = F193DF452379CA3F004D4334 /* CGPathModifier.swift */; };
		F193DF9E237A0B60004D4334 /* CGPathParser.swift in Sources */ = {isa = PBXBuildFile; fileRef = F193DF462379CA3F004D4334 /* CGPathParser.swift */; };
		F1D7F9DC2379C7EC00E80BCF /* GeomKit.framework in Frameworks */ = {isa = PBXBuildFile; fileRef = F1D7F9D22379C7EC00E80BCF /* GeomKit.framework */; };
		F1D7F9E12379C7EC00E80BCF /* GeomKitTests.swift in Sources */ = {isa = PBXBuildFile; fileRef = F1D7F9E02379C7EC00E80BCF /* GeomKitTests.swift */; };
		F1D7F9E32379C7EC00E80BCF /* GeomKit.h in Headers */ = {isa = PBXBuildFile; fileRef = F1D7F9D52379C7EC00E80BCF /* GeomKit.h */; settings = {ATTRIBUTES = (Public, ); }; };
/* End PBXBuildFile section */

/* Begin PBXContainerItemProxy section */
		F193DF74237A0B24004D4334 /* PBXContainerItemProxy */ = {
			isa = PBXContainerItemProxy;
			containerPortal = F1D7F9C92379C7EC00E80BCF /* Project object */;
			proxyType = 1;
			remoteGlobalIDString = F193DF69237A0B23004D4334;
			remoteInfo = GeomKitMacOS;
		};
		F1D7F9DD2379C7EC00E80BCF /* PBXContainerItemProxy */ = {
			isa = PBXContainerItemProxy;
			containerPortal = F1D7F9C92379C7EC00E80BCF /* Project object */;
			proxyType = 1;
			remoteGlobalIDString = F1D7F9D12379C7EC00E80BCF;
			remoteInfo = GeomKit;
		};
/* End PBXContainerItemProxy section */

/* Begin PBXCopyFilesBuildPhase section */
		F14896D6237B0ABB0007CCA0 /* Embed Frameworks */ = {
			isa = PBXCopyFilesBuildPhase;
			buildActionMask = 2147483647;
			dstPath = "";
			dstSubfolderSpec = 10;
			files = (
				F14896D5237B0ABB0007CCA0 /* NumberSugarMacOS.framework in Embed Frameworks */,
			);
			name = "Embed Frameworks";
			runOnlyForDeploymentPostprocessing = 0;
		};
		F193DF192379CA32004D4334 /* Embed Frameworks */ = {
			isa = PBXCopyFilesBuildPhase;
			buildActionMask = 2147483647;
			dstPath = "";
			dstSubfolderSpec = 10;
			files = (
				F193DF182379CA32004D4334 /* NumberSugariOS.framework in Embed Frameworks */,
			);
			name = "Embed Frameworks";
			runOnlyForDeploymentPostprocessing = 0;
		};
/* End PBXCopyFilesBuildPhase section */

/* Begin PBXFileReference section */
		F13A222C2383291400DE39B3 /* CAShapeUtil+TypeAlias.swift */ = {isa = PBXFileReference; lastKnownFileType = sourcecode.swift; path = "CAShapeUtil+TypeAlias.swift"; sourceTree = "<group>"; };
		F17640372383FF38003FCFA6 /* CALayer+Extension.swift */ = {isa = PBXFileReference; lastKnownFileType = sourcecode.swift; path = "CALayer+Extension.swift"; sourceTree = "<group>"; };
		F193DF162379CA32004D4334 /* NumberSugariOS.framework */ = {isa = PBXFileReference; lastKnownFileType = wrapper.framework; name = NumberSugariOS.framework; path = Carthage/Build/iOS/NumberSugariOS.framework; sourceTree = "<group>"; };
		F193DF1C2379CA3F004D4334 /* CGSize+Extension.swift */ = {isa = PBXFileReference; fileEncoding = 4; lastKnownFileType = sourcecode.swift; path = "CGSize+Extension.swift"; sourceTree = "<group>"; };
		F193DF1F2379CA3F004D4334 /* CGPoint+Extension.swift */ = {isa = PBXFileReference; fileEncoding = 4; lastKnownFileType = sourcecode.swift; path = "CGPoint+Extension.swift"; sourceTree = "<group>"; };
		F193DF202379CA3F004D4334 /* CGPoint+Operator.swift */ = {isa = PBXFileReference; fileEncoding = 4; lastKnownFileType = sourcecode.swift; path = "CGPoint+Operator.swift"; sourceTree = "<group>"; };
		F193DF222379CA3F004D4334 /* CGPointTrig.swift */ = {isa = PBXFileReference; fileEncoding = 4; lastKnownFileType = sourcecode.swift; path = CGPointTrig.swift; sourceTree = "<group>"; };
		F193DF232379CA3F004D4334 /* CGPointTransformation.swift */ = {isa = PBXFileReference; fileEncoding = 4; lastKnownFileType = sourcecode.swift; path = CGPointTransformation.swift; sourceTree = "<group>"; };
		F193DF242379CA3F004D4334 /* CGPointParser.swift */ = {isa = PBXFileReference; fileEncoding = 4; lastKnownFileType = sourcecode.swift; path = CGPointParser.swift; sourceTree = "<group>"; };
		F193DF252379CA3F004D4334 /* CGPointAsserter.swift */ = {isa = PBXFileReference; fileEncoding = 4; lastKnownFileType = sourcecode.swift; path = CGPointAsserter.swift; sourceTree = "<group>"; };
		F193DF262379CA3F004D4334 /* CGPointModifier.swift */ = {isa = PBXFileReference; fileEncoding = 4; lastKnownFileType = sourcecode.swift; path = CGPointModifier.swift; sourceTree = "<group>"; };
		F193DF282379CA3F004D4334 /* CGTransform+Extension.swift */ = {isa = PBXFileReference; fileEncoding = 4; lastKnownFileType = sourcecode.swift; path = "CGTransform+Extension.swift"; sourceTree = "<group>"; };
		F193DF292379CA3F004D4334 /* CGTransformModifier.swift */ = {isa = PBXFileReference; fileEncoding = 4; lastKnownFileType = sourcecode.swift; path = CGTransformModifier.swift; sourceTree = "<group>"; };
		F193DF2A2379CA3F004D4334 /* CGTransformParser.swift */ = {isa = PBXFileReference; fileEncoding = 4; lastKnownFileType = sourcecode.swift; path = CGTransformParser.swift; sourceTree = "<group>"; };
		F193DF2C2379CA3F004D4334 /* CAShapeUtil.swift */ = {isa = PBXFileReference; fileEncoding = 4; lastKnownFileType = sourcecode.swift; path = CAShapeUtil.swift; sourceTree = "<group>"; };
		F193DF2F2379CA3F004D4334 /* LineAsserter.swift */ = {isa = PBXFileReference; fileEncoding = 4; lastKnownFileType = sourcecode.swift; path = LineAsserter.swift; sourceTree = "<group>"; };
		F193DF302379CA3F004D4334 /* LineParser.swift */ = {isa = PBXFileReference; fileEncoding = 4; lastKnownFileType = sourcecode.swift; path = LineParser.swift; sourceTree = "<group>"; };
		F193DF312379CA3F004D4334 /* Line.swift */ = {isa = PBXFileReference; fileEncoding = 4; lastKnownFileType = sourcecode.swift; path = Line.swift; sourceTree = "<group>"; };
		F193DF342379CA3F004D4334 /* CGRect+Offset.swift */ = {isa = PBXFileReference; fileEncoding = 4; lastKnownFileType = sourcecode.swift; path = "CGRect+Offset.swift"; sourceTree = "<group>"; };
		F193DF352379CA3F004D4334 /* CGRect+Operator.swift */ = {isa = PBXFileReference; fileEncoding = 4; lastKnownFileType = sourcecode.swift; path = "CGRect+Operator.swift"; sourceTree = "<group>"; };
		F193DF362379CA3F004D4334 /* CGRect+Alignement.swift */ = {isa = PBXFileReference; fileEncoding = 4; lastKnownFileType = sourcecode.swift; path = "CGRect+Alignement.swift"; sourceTree = "<group>"; };
		F193DF372379CA3F004D4334 /* CGRect+Extension.swift */ = {isa = PBXFileReference; fileEncoding = 4; lastKnownFileType = sourcecode.swift; path = "CGRect+Extension.swift"; sourceTree = "<group>"; };
		F193DF382379CA3F004D4334 /* CGRectParser.Side.swift */ = {isa = PBXFileReference; fileEncoding = 4; lastKnownFileType = sourcecode.swift; path = CGRectParser.Side.swift; sourceTree = "<group>"; };
		F193DF392379CA3F004D4334 /* CGRectModifier.swift */ = {isa = PBXFileReference; fileEncoding = 4; lastKnownFileType = sourcecode.swift; path = CGRectModifier.swift; sourceTree = "<group>"; };
		F193DF3A2379CA3F004D4334 /* CGRectParser.Path.swift */ = {isa = PBXFileReference; fileEncoding = 4; lastKnownFileType = sourcecode.swift; path = CGRectParser.Path.swift; sourceTree = "<group>"; };
		F193DF3B2379CA3F004D4334 /* CGRectParser.swift */ = {isa = PBXFileReference; fileEncoding = 4; lastKnownFileType = sourcecode.swift; path = CGRectParser.swift; sourceTree = "<group>"; };
		F193DF3C2379CA3F004D4334 /* CGRectAsserter.swift */ = {isa = PBXFileReference; fileEncoding = 4; lastKnownFileType = sourcecode.swift; path = CGRectAsserter.swift; sourceTree = "<group>"; };
		F193DF3E2379CA3F004D4334 /* CircleParser.swift */ = {isa = PBXFileReference; fileEncoding = 4; lastKnownFileType = sourcecode.swift; path = CircleParser.swift; sourceTree = "<group>"; };
		F193DF412379CA3F004D4334 /* NSBezierPathParser.swift */ = {isa = PBXFileReference; fileEncoding = 4; lastKnownFileType = sourcecode.swift; path = NSBezierPathParser.swift; sourceTree = "<group>"; };
		F193DF422379CA3F004D4334 /* CGPathExtensions.swift */ = {isa = PBXFileReference; fileEncoding = 4; lastKnownFileType = sourcecode.swift; path = CGPathExtensions.swift; sourceTree = "<group>"; };
		F193DF442379CA3F004D4334 /* CubicCurveUtils.swift */ = {isa = PBXFileReference; fileEncoding = 4; lastKnownFileType = sourcecode.swift; path = CubicCurveUtils.swift; sourceTree = "<group>"; };
		F193DF452379CA3F004D4334 /* CGPathModifier.swift */ = {isa = PBXFileReference; fileEncoding = 4; lastKnownFileType = sourcecode.swift; path = CGPathModifier.swift; sourceTree = "<group>"; };
		F193DF462379CA3F004D4334 /* CGPathParser.swift */ = {isa = PBXFileReference; fileEncoding = 4; lastKnownFileType = sourcecode.swift; path = CGPathParser.swift; sourceTree = "<group>"; };
		F193DF6A237A0B23004D4334 /* GeomKitMacOS.framework */ = {isa = PBXFileReference; explicitFileType = wrapper.framework; includeInIndex = 0; path = GeomKitMacOS.framework; sourceTree = BUILT_PRODUCTS_DIR; };
		F193DF6C237A0B23004D4334 /* GeomKitMacOS.h */ = {isa = PBXFileReference; lastKnownFileType = sourcecode.c.h; path = GeomKitMacOS.h; sourceTree = "<group>"; };
		F193DF6D237A0B23004D4334 /* Info.plist */ = {isa = PBXFileReference; lastKnownFileType = text.plist.xml; path = Info.plist; sourceTree = "<group>"; };
		F193DF72237A0B24004D4334 /* GeomKitMacOSTests.xctest */ = {isa = PBXFileReference; explicitFileType = wrapper.cfbundle; includeInIndex = 0; path = GeomKitMacOSTests.xctest; sourceTree = BUILT_PRODUCTS_DIR; };
		F193DF77237A0B24004D4334 /* GeomKitMacOSTests.swift */ = {isa = PBXFileReference; lastKnownFileType = sourcecode.swift; path = GeomKitMacOSTests.swift; sourceTree = "<group>"; };
		F193DF79237A0B24004D4334 /* Info.plist */ = {isa = PBXFileReference; lastKnownFileType = text.plist.xml; path = Info.plist; sourceTree = "<group>"; };
		F193DF9F237A0B7D004D4334 /* NumberSugarMacOS.framework */ = {isa = PBXFileReference; lastKnownFileType = wrapper.framework; name = NumberSugarMacOS.framework; path = Carthage/Build/Mac/NumberSugarMacOS.framework; sourceTree = "<group>"; };
		F1D7F9D22379C7EC00E80BCF /* GeomKit.framework */ = {isa = PBXFileReference; explicitFileType = wrapper.framework; includeInIndex = 0; path = GeomKit.framework; sourceTree = BUILT_PRODUCTS_DIR; };
		F1D7F9D52379C7EC00E80BCF /* GeomKit.h */ = {isa = PBXFileReference; lastKnownFileType = sourcecode.c.h; path = GeomKit.h; sourceTree = "<group>"; };
		F1D7F9D62379C7EC00E80BCF /* Info.plist */ = {isa = PBXFileReference; lastKnownFileType = text.plist.xml; path = Info.plist; sourceTree = "<group>"; };
		F1D7F9DB2379C7EC00E80BCF /* GeomKitTests.xctest */ = {isa = PBXFileReference; explicitFileType = wrapper.cfbundle; includeInIndex = 0; path = GeomKitTests.xctest; sourceTree = BUILT_PRODUCTS_DIR; };
		F1D7F9E02379C7EC00E80BCF /* GeomKitTests.swift */ = {isa = PBXFileReference; lastKnownFileType = sourcecode.swift; path = GeomKitTests.swift; sourceTree = "<group>"; };
		F1D7F9E22379C7EC00E80BCF /* Info.plist */ = {isa = PBXFileReference; lastKnownFileType = text.plist.xml; path = Info.plist; sourceTree = "<group>"; };
/* End PBXFileReference section */

/* Begin PBXFrameworksBuildPhase section */
		F193DF67237A0B23004D4334 /* Frameworks */ = {
			isa = PBXFrameworksBuildPhase;
			buildActionMask = 2147483647;
			files = (
				F14896D4237B0ABB0007CCA0 /* NumberSugarMacOS.framework in Frameworks */,
			);
			runOnlyForDeploymentPostprocessing = 0;
		};
		F193DF6F237A0B24004D4334 /* Frameworks */ = {
			isa = PBXFrameworksBuildPhase;
			buildActionMask = 2147483647;
			files = (
				F193DF73237A0B24004D4334 /* GeomKitMacOS.framework in Frameworks */,
			);
			runOnlyForDeploymentPostprocessing = 0;
		};
		F1D7F9CF2379C7EC00E80BCF /* Frameworks */ = {
			isa = PBXFrameworksBuildPhase;
			buildActionMask = 2147483647;
			files = (
				F193DF172379CA32004D4334 /* NumberSugariOS.framework in Frameworks */,
			);
			runOnlyForDeploymentPostprocessing = 0;
		};
		F1D7F9D82379C7EC00E80BCF /* Frameworks */ = {
			isa = PBXFrameworksBuildPhase;
			buildActionMask = 2147483647;
			files = (
				F1D7F9DC2379C7EC00E80BCF /* GeomKit.framework in Frameworks */,
			);
			runOnlyForDeploymentPostprocessing = 0;
		};
/* End PBXFrameworksBuildPhase section */

/* Begin PBXGroup section */
		F176403923840003003FCFA6 /* New Group */ = {
			isa = PBXGroup;
			children = (
			);
			path = "New Group";
			sourceTree = "<group>";
		};
		F176403A2384000E003FCFA6 /* New Group1 */ = {
			isa = PBXGroup;
			children = (
			);
			path = "New Group1";
			sourceTree = "<group>";
		};
		F193DF1A2379CA3F004D4334 /* src */ = {
			isa = PBXGroup;
			children = (
				F193DF1B2379CA3F004D4334 /* CGSize */,
				F193DF1D2379CA3F004D4334 /* CGPoint */,
				F193DF272379CA3F004D4334 /* CGTransform */,
				F193DF2B2379CA3F004D4334 /* CALayer */,
				F193DF2D2379CA3F004D4334 /* Line */,
				F193DF322379CA3F004D4334 /* CGRect */,
				F193DF3D2379CA3F004D4334 /* Circle */,
				F193DF3F2379CA3F004D4334 /* CGPath */,
			);
			path = src;
			sourceTree = "<group>";
		};
		F193DF1B2379CA3F004D4334 /* CGSize */ = {
			isa = PBXGroup;
			children = (
				F193DF1C2379CA3F004D4334 /* CGSize+Extension.swift */,
			);
			path = CGSize;
			sourceTree = "<group>";
		};
		F193DF1D2379CA3F004D4334 /* CGPoint */ = {
			isa = PBXGroup;
			children = (
				F193DF1E2379CA3F004D4334 /* extension */,
				F193DF212379CA3F004D4334 /* util */,
				F193DF242379CA3F004D4334 /* CGPointParser.swift */,
				F193DF252379CA3F004D4334 /* CGPointAsserter.swift */,
				F193DF262379CA3F004D4334 /* CGPointModifier.swift */,
			);
			path = CGPoint;
			sourceTree = "<group>";
		};
		F193DF1E2379CA3F004D4334 /* extension */ = {
			isa = PBXGroup;
			children = (
				F193DF1F2379CA3F004D4334 /* CGPoint+Extension.swift */,
				F193DF202379CA3F004D4334 /* CGPoint+Operator.swift */,
			);
			path = extension;
			sourceTree = "<group>";
		};
		F193DF212379CA3F004D4334 /* util */ = {
			isa = PBXGroup;
			children = (
				F193DF222379CA3F004D4334 /* CGPointTrig.swift */,
				F193DF232379CA3F004D4334 /* CGPointTransformation.swift */,
			);
			path = util;
			sourceTree = "<group>";
		};
		F193DF272379CA3F004D4334 /* CGTransform */ = {
			isa = PBXGroup;
			children = (
				F193DF282379CA3F004D4334 /* CGTransform+Extension.swift */,
				F193DF292379CA3F004D4334 /* CGTransformModifier.swift */,
				F193DF2A2379CA3F004D4334 /* CGTransformParser.swift */,
			);
			path = CGTransform;
			sourceTree = "<group>";
		};
		F193DF2B2379CA3F004D4334 /* CALayer */ = {
			isa = PBXGroup;
			children = (
				F193DF2C2379CA3F004D4334 /* CAShapeUtil.swift */,
				F176403A2384000E003FCFA6 /* New Group1 */,
				F176403923840003003FCFA6 /* New Group */,
				F17640372383FF38003FCFA6 /* CALayer+Extension.swift */,
				F13A222C2383291400DE39B3 /* CAShapeUtil+TypeAlias.swift */,
			);
			path = CALayer;
			sourceTree = "<group>";
		};
		F193DF2D2379CA3F004D4334 /* Line */ = {
			isa = PBXGroup;
			children = (
				F193DF2E2379CA3F004D4334 /* utils */,
				F193DF312379CA3F004D4334 /* Line.swift */,
			);
			path = Line;
			sourceTree = "<group>";
		};
		F193DF2E2379CA3F004D4334 /* utils */ = {
			isa = PBXGroup;
			children = (
				F193DF2F2379CA3F004D4334 /* LineAsserter.swift */,
				F193DF302379CA3F004D4334 /* LineParser.swift */,
			);
			path = utils;
			sourceTree = "<group>";
		};
		F193DF322379CA3F004D4334 /* CGRect */ = {
			isa = PBXGroup;
			children = (
				F193DF332379CA3F004D4334 /* extension */,
				F193DF382379CA3F004D4334 /* CGRectParser.Side.swift */,
				F193DF392379CA3F004D4334 /* CGRectModifier.swift */,
				F193DF3A2379CA3F004D4334 /* CGRectParser.Path.swift */,
				F193DF3B2379CA3F004D4334 /* CGRectParser.swift */,
				F193DF3C2379CA3F004D4334 /* CGRectAsserter.swift */,
			);
			path = CGRect;
			sourceTree = "<group>";
		};
		F193DF332379CA3F004D4334 /* extension */ = {
			isa = PBXGroup;
			children = (
				F193DF342379CA3F004D4334 /* CGRect+Offset.swift */,
				F193DF352379CA3F004D4334 /* CGRect+Operator.swift */,
				F193DF362379CA3F004D4334 /* CGRect+Alignement.swift */,
				F193DF372379CA3F004D4334 /* CGRect+Extension.swift */,
			);
			path = extension;
			sourceTree = "<group>";
		};
		F193DF3D2379CA3F004D4334 /* Circle */ = {
			isa = PBXGroup;
			children = (
				F193DF3E2379CA3F004D4334 /* CircleParser.swift */,
			);
			path = Circle;
			sourceTree = "<group>";
		};
		F193DF3F2379CA3F004D4334 /* CGPath */ = {
			isa = PBXGroup;
			children = (
				F193DF402379CA3F004D4334 /* NSBezier */,
				F193DF422379CA3F004D4334 /* CGPathExtensions.swift */,
				F193DF432379CA3F004D4334 /* cubic */,
				F193DF452379CA3F004D4334 /* CGPathModifier.swift */,
				F193DF462379CA3F004D4334 /* CGPathParser.swift */,
			);
			path = CGPath;
			sourceTree = "<group>";
		};
		F193DF402379CA3F004D4334 /* NSBezier */ = {
			isa = PBXGroup;
			children = (
				F193DF412379CA3F004D4334 /* NSBezierPathParser.swift */,
			);
			path = NSBezier;
			sourceTree = "<group>";
		};
		F193DF432379CA3F004D4334 /* cubic */ = {
			isa = PBXGroup;
			children = (
				F193DF442379CA3F004D4334 /* CubicCurveUtils.swift */,
			);
			path = cubic;
			sourceTree = "<group>";
		};
		F193DF6B237A0B23004D4334 /* GeomKitMacOS */ = {
			isa = PBXGroup;
			children = (
				F193DF6C237A0B23004D4334 /* GeomKitMacOS.h */,
				F193DF6D237A0B23004D4334 /* Info.plist */,
			);
			path = GeomKitMacOS;
			sourceTree = "<group>";
		};
		F193DF76237A0B24004D4334 /* GeomKitMacOSTests */ = {
			isa = PBXGroup;
			children = (
				F193DF77237A0B24004D4334 /* GeomKitMacOSTests.swift */,
				F193DF79237A0B24004D4334 /* Info.plist */,
			);
			path = GeomKitMacOSTests;
			sourceTree = "<group>";
		};
		F1D7F9C82379C7EC00E80BCF = {
			isa = PBXGroup;
			children = (
				F193DF1A2379CA3F004D4334 /* src */,
				F1D7F9D42379C7EC00E80BCF /* GeomKit */,
				F1D7F9DF2379C7EC00E80BCF /* GeomKitTests */,
				F193DF6B237A0B23004D4334 /* GeomKitMacOS */,
				F193DF76237A0B24004D4334 /* GeomKitMacOSTests */,
				F1D7F9D32379C7EC00E80BCF /* Products */,
				F1D7FA372379C82000E80BCF /* Frameworks */,
			);
			sourceTree = "<group>";
		};
		F1D7F9D32379C7EC00E80BCF /* Products */ = {
			isa = PBXGroup;
			children = (
				F1D7F9D22379C7EC00E80BCF /* GeomKit.framework */,
				F1D7F9DB2379C7EC00E80BCF /* GeomKitTests.xctest */,
				F193DF6A237A0B23004D4334 /* GeomKitMacOS.framework */,
				F193DF72237A0B24004D4334 /* GeomKitMacOSTests.xctest */,
			);
			name = Products;
			sourceTree = "<group>";
		};
		F1D7F9D42379C7EC00E80BCF /* GeomKit */ = {
			isa = PBXGroup;
			children = (
				F1D7F9D52379C7EC00E80BCF /* GeomKit.h */,
				F1D7F9D62379C7EC00E80BCF /* Info.plist */,
			);
			path = GeomKit;
			sourceTree = "<group>";
		};
		F1D7F9DF2379C7EC00E80BCF /* GeomKitTests */ = {
			isa = PBXGroup;
			children = (
				F1D7F9E02379C7EC00E80BCF /* GeomKitTests.swift */,
				F1D7F9E22379C7EC00E80BCF /* Info.plist */,
			);
			path = GeomKitTests;
			sourceTree = "<group>";
		};
		F1D7FA372379C82000E80BCF /* Frameworks */ = {
			isa = PBXGroup;
			children = (
				F193DF9F237A0B7D004D4334 /* NumberSugarMacOS.framework */,
				F193DF162379CA32004D4334 /* NumberSugariOS.framework */,
			);
			name = Frameworks;
			sourceTree = "<group>";
		};
/* End PBXGroup section */

/* Begin PBXHeadersBuildPhase section */
		F193DF65237A0B23004D4334 /* Headers */ = {
			isa = PBXHeadersBuildPhase;
			buildActionMask = 2147483647;
			files = (
				F193DF7A237A0B24004D4334 /* GeomKitMacOS.h in Headers */,
			);
			runOnlyForDeploymentPostprocessing = 0;
		};
		F1D7F9CD2379C7EC00E80BCF /* Headers */ = {
			isa = PBXHeadersBuildPhase;
			buildActionMask = 2147483647;
			files = (
				F1D7F9E32379C7EC00E80BCF /* GeomKit.h in Headers */,
			);
			runOnlyForDeploymentPostprocessing = 0;
		};
/* End PBXHeadersBuildPhase section */

/* Begin PBXNativeTarget section */
		F193DF69237A0B23004D4334 /* GeomKitMacOS */ = {
			isa = PBXNativeTarget;
			buildConfigurationList = F193DF7B237A0B24004D4334 /* Build configuration list for PBXNativeTarget "GeomKitMacOS" */;
			buildPhases = (
				F193DF65237A0B23004D4334 /* Headers */,
				F193DF66237A0B23004D4334 /* Sources */,
				F193DF67237A0B23004D4334 /* Frameworks */,
				F193DF68237A0B23004D4334 /* Resources */,
				F193DFB7237AF866004D4334 /* ShellScript */,
				F14896D6237B0ABB0007CCA0 /* Embed Frameworks */,
			);
			buildRules = (
			);
			dependencies = (
			);
			name = GeomKitMacOS;
			productName = GeomKitMacOS;
			productReference = F193DF6A237A0B23004D4334 /* GeomKitMacOS.framework */;
			productType = "com.apple.product-type.framework";
		};
		F193DF71237A0B24004D4334 /* GeomKitMacOSTests */ = {
			isa = PBXNativeTarget;
			buildConfigurationList = F193DF7E237A0B24004D4334 /* Build configuration list for PBXNativeTarget "GeomKitMacOSTests" */;
			buildPhases = (
				F193DF6E237A0B24004D4334 /* Sources */,
				F193DF6F237A0B24004D4334 /* Frameworks */,
				F193DF70237A0B24004D4334 /* Resources */,
				F193DFB5237AF7C9004D4334 /* ShellScript */,
			);
			buildRules = (
			);
			dependencies = (
				F193DF75237A0B24004D4334 /* PBXTargetDependency */,
			);
			name = GeomKitMacOSTests;
			productName = GeomKitMacOSTests;
			productReference = F193DF72237A0B24004D4334 /* GeomKitMacOSTests.xctest */;
			productType = "com.apple.product-type.bundle.unit-test";
		};
		F1D7F9D12379C7EC00E80BCF /* GeomKit */ = {
			isa = PBXNativeTarget;
			buildConfigurationList = F1D7F9E62379C7EC00E80BCF /* Build configuration list for PBXNativeTarget "GeomKit" */;
			buildPhases = (
				F1D7F9CD2379C7EC00E80BCF /* Headers */,
				F1D7F9CE2379C7EC00E80BCF /* Sources */,
				F1D7F9CF2379C7EC00E80BCF /* Frameworks */,
				F1D7F9D02379C7EC00E80BCF /* Resources */,
				F193DF192379CA32004D4334 /* Embed Frameworks */,
				F193DFB6237AF85E004D4334 /* ShellScript */,
			);
			buildRules = (
			);
			dependencies = (
			);
			name = GeomKit;
			productName = GeomKit;
			productReference = F1D7F9D22379C7EC00E80BCF /* GeomKit.framework */;
			productType = "com.apple.product-type.framework";
		};
		F1D7F9DA2379C7EC00E80BCF /* GeomKitTests */ = {
			isa = PBXNativeTarget;
			buildConfigurationList = F1D7F9E92379C7EC00E80BCF /* Build configuration list for PBXNativeTarget "GeomKitTests" */;
			buildPhases = (
				F1D7F9D72379C7EC00E80BCF /* Sources */,
				F1D7F9D82379C7EC00E80BCF /* Frameworks */,
				F1D7F9D92379C7EC00E80BCF /* Resources */,
				F193DFB4237AF7B3004D4334 /* ShellScript */,
			);
			buildRules = (
			);
			dependencies = (
				F1D7F9DE2379C7EC00E80BCF /* PBXTargetDependency */,
			);
			name = GeomKitTests;
			productName = GeomKitTests;
			productReference = F1D7F9DB2379C7EC00E80BCF /* GeomKitTests.xctest */;
			productType = "com.apple.product-type.bundle.unit-test";
		};
/* End PBXNativeTarget section */

/* Begin PBXProject section */
		F1D7F9C92379C7EC00E80BCF /* Project object */ = {
			isa = PBXProject;
			attributes = {
				LastSwiftUpdateCheck = 1120;
				LastUpgradeCheck = 1120;
				ORGANIZATIONNAME = FutureLab;
				TargetAttributes = {
					F193DF69237A0B23004D4334 = {
						CreatedOnToolsVersion = 11.2;
					};
					F193DF71237A0B24004D4334 = {
						CreatedOnToolsVersion = 11.2;
					};
					F1D7F9D12379C7EC00E80BCF = {
						CreatedOnToolsVersion = 11.2;
					};
					F1D7F9DA2379C7EC00E80BCF = {
						CreatedOnToolsVersion = 11.2;
					};
				};
			};
			buildConfigurationList = F1D7F9CC2379C7EC00E80BCF /* Build configuration list for PBXProject "GeomKit" */;
			compatibilityVersion = "Xcode 9.3";
			developmentRegion = en;
			hasScannedForEncodings = 0;
			knownRegions = (
				en,
				Base,
			);
			mainGroup = F1D7F9C82379C7EC00E80BCF;
			productRefGroup = F1D7F9D32379C7EC00E80BCF /* Products */;
			projectDirPath = "";
			projectRoot = "";
			targets = (
				F1D7F9D12379C7EC00E80BCF /* GeomKit */,
				F1D7F9DA2379C7EC00E80BCF /* GeomKitTests */,
				F193DF69237A0B23004D4334 /* GeomKitMacOS */,
				F193DF71237A0B24004D4334 /* GeomKitMacOSTests */,
			);
		};
/* End PBXProject section */

/* Begin PBXResourcesBuildPhase section */
		F193DF68237A0B23004D4334 /* Resources */ = {
			isa = PBXResourcesBuildPhase;
			buildActionMask = 2147483647;
			files = (
			);
			runOnlyForDeploymentPostprocessing = 0;
		};
		F193DF70237A0B24004D4334 /* Resources */ = {
			isa = PBXResourcesBuildPhase;
			buildActionMask = 2147483647;
			files = (
			);
			runOnlyForDeploymentPostprocessing = 0;
		};
		F1D7F9D02379C7EC00E80BCF /* Resources */ = {
			isa = PBXResourcesBuildPhase;
			buildActionMask = 2147483647;
			files = (
			);
			runOnlyForDeploymentPostprocessing = 0;
		};
		F1D7F9D92379C7EC00E80BCF /* Resources */ = {
			isa = PBXResourcesBuildPhase;
			buildActionMask = 2147483647;
			files = (
			);
			runOnlyForDeploymentPostprocessing = 0;
		};
/* End PBXResourcesBuildPhase section */

/* Begin PBXShellScriptBuildPhase section */
		F193DFB4237AF7B3004D4334 /* ShellScript */ = {
			isa = PBXShellScriptBuildPhase;
			buildActionMask = 2147483647;
			files = (
			);
			inputFileListPaths = (
			);
			inputPaths = (
			);
			outputFileListPaths = (
			);
			outputPaths = (
			);
			runOnlyForDeploymentPostprocessing = 0;
			shellPath = /bin/sh;
			shellScript = "if which swiftlint >/dev/null; then\n  swiftlint\nelse\n  echo \"warning: SwiftLint not installed, download from https://github.com/realm/SwiftLint\"\nfi\n";
		};
		F193DFB5237AF7C9004D4334 /* ShellScript */ = {
			isa = PBXShellScriptBuildPhase;
			buildActionMask = 2147483647;
			files = (
			);
			inputFileListPaths = (
			);
			inputPaths = (
			);
			outputFileListPaths = (
			);
			outputPaths = (
			);
			runOnlyForDeploymentPostprocessing = 0;
			shellPath = /bin/sh;
			shellScript = "if which swiftlint >/dev/null; then\n  swiftlint\nelse\n  echo \"warning: SwiftLint not installed, download from https://github.com/realm/SwiftLint\"\nfi\n";
		};
		F193DFB6237AF85E004D4334 /* ShellScript */ = {
			isa = PBXShellScriptBuildPhase;
			buildActionMask = 2147483647;
			files = (
			);
			inputFileListPaths = (
			);
			inputPaths = (
			);
			outputFileListPaths = (
			);
			outputPaths = (
			);
			runOnlyForDeploymentPostprocessing = 0;
			shellPath = /bin/sh;
			shellScript = "if which swiftlint >/dev/null; then\n  swiftlint\nelse\n  echo \"warning: SwiftLint not installed, download from https://github.com/realm/SwiftLint\"\nfi\n";
		};
		F193DFB7237AF866004D4334 /* ShellScript */ = {
			isa = PBXShellScriptBuildPhase;
			buildActionMask = 2147483647;
			files = (
			);
			inputFileListPaths = (
			);
			inputPaths = (
			);
			outputFileListPaths = (
			);
			outputPaths = (
			);
			runOnlyForDeploymentPostprocessing = 0;
			shellPath = /bin/sh;
			shellScript = "if which swiftlint >/dev/null; then\n  swiftlint\nelse\n  echo \"warning: SwiftLint not installed, download from https://github.com/realm/SwiftLint\"\nfi\n";
		};
/* End PBXShellScriptBuildPhase section */

/* Begin PBXSourcesBuildPhase section */
		F193DF66237A0B23004D4334 /* Sources */ = {
			isa = PBXSourcesBuildPhase;
			buildActionMask = 2147483647;
			files = (
				F193DF98237A0B60004D4334 /* CGRectAsserter.swift in Sources */,
				F193DF83237A0B60004D4334 /* CGPoint+Operator.swift in Sources */,
				F193DF92237A0B60004D4334 /* CGRect+Alignement.swift in Sources */,
				F193DF91237A0B60004D4334 /* CGRect+Operator.swift in Sources */,
				F193DF95237A0B60004D4334 /* CGRectModifier.swift in Sources */,
				F193DF87237A0B60004D4334 /* CGPointAsserter.swift in Sources */,
				F193DF82237A0B60004D4334 /* CGPoint+Extension.swift in Sources */,
				F193DF9E237A0B60004D4334 /* CGPathParser.swift in Sources */,
				F193DF88237A0B60004D4334 /* CGPointModifier.swift in Sources */,
				F193DF8E237A0B60004D4334 /* LineParser.swift in Sources */,
				F193DF96237A0B60004D4334 /* CGRectParser.Path.swift in Sources */,
				F13A222E2383292B00DE39B3 /* CAShapeUtil+TypeAlias.swift in Sources */,
				F193DF8D237A0B60004D4334 /* LineAsserter.swift in Sources */,
				F193DF97237A0B60004D4334 /* CGRectParser.swift in Sources */,
				F193DF93237A0B60004D4334 /* CGRect+Extension.swift in Sources */,
				F193DF8B237A0B60004D4334 /* CGTransformParser.swift in Sources */,
				F193DF8C237A0B60004D4334 /* CAShapeUtil.swift in Sources */,
				F193DF9D237A0B60004D4334 /* CGPathModifier.swift in Sources */,
				F193DF90237A0B60004D4334 /* CGRect+Offset.swift in Sources */,
				F193DF89237A0B60004D4334 /* CGTransform+Extension.swift in Sources */,
				F193DF8F237A0B60004D4334 /* Line.swift in Sources */,
				F193DF85237A0B60004D4334 /* CGPointTransformation.swift in Sources */,
				F193DF8A237A0B60004D4334 /* CGTransformModifier.swift in Sources */,
				F193DF99237A0B60004D4334 /* CircleParser.swift in Sources */,
				F193DF9A237A0B60004D4334 /* NSBezierPathParser.swift in Sources */,
				F193DF86237A0B60004D4334 /* CGPointParser.swift in Sources */,
				F193DF9B237A0B60004D4334 /* CGPathExtensions.swift in Sources */,
				F193DF9C237A0B60004D4334 /* CubicCurveUtils.swift in Sources */,
				F193DF84237A0B60004D4334 /* CGPointTrig.swift in Sources */,
				F193DF94237A0B60004D4334 /* CGRectParser.Side.swift in Sources */,
				F193DF81237A0B60004D4334 /* CGSize+Extension.swift in Sources */,
			);
			runOnlyForDeploymentPostprocessing = 0;
		};
		F193DF6E237A0B24004D4334 /* Sources */ = {
			isa = PBXSourcesBuildPhase;
			buildActionMask = 2147483647;
			files = (
				F193DF78237A0B24004D4334 /* GeomKitMacOSTests.swift in Sources */,
			);
			runOnlyForDeploymentPostprocessing = 0;
		};
		F1D7F9CE2379C7EC00E80BCF /* Sources */ = {
			isa = PBXSourcesBuildPhase;
			buildActionMask = 2147483647;
			files = (
				F193DF5E2379CA3F004D4334 /* CGRectAsserter.swift in Sources */,
				F193DF492379CA3F004D4334 /* CGPoint+Operator.swift in Sources */,
				F193DF582379CA3F004D4334 /* CGRect+Alignement.swift in Sources */,
				F193DF572379CA3F004D4334 /* CGRect+Operator.swift in Sources */,
				F193DF5B2379CA3F004D4334 /* CGRectModifier.swift in Sources */,
				F193DF4D2379CA3F004D4334 /* CGPointAsserter.swift in Sources */,
				F193DF482379CA3F004D4334 /* CGPoint+Extension.swift in Sources */,
				F193DF642379CA3F004D4334 /* CGPathParser.swift in Sources */,
				F193DF4E2379CA3F004D4334 /* CGPointModifier.swift in Sources */,
				F193DF542379CA3F004D4334 /* LineParser.swift in Sources */,
				F193DF5C2379CA3F004D4334 /* CGRectParser.Path.swift in Sources */,
				F13A222D2383291400DE39B3 /* CAShapeUtil+TypeAlias.swift in Sources */,
				F193DF532379CA3F004D4334 /* LineAsserter.swift in Sources */,
				F193DF5D2379CA3F004D4334 /* CGRectParser.swift in Sources */,
				F193DF592379CA3F004D4334 /* CGRect+Extension.swift in Sources */,
				F193DF512379CA3F004D4334 /* CGTransformParser.swift in Sources */,
				F193DF522379CA3F004D4334 /* CAShapeUtil.swift in Sources */,
				F193DF632379CA3F004D4334 /* CGPathModifier.swift in Sources */,
				F193DF562379CA3F004D4334 /* CGRect+Offset.swift in Sources */,
				F193DF4F2379CA3F004D4334 /* CGTransform+Extension.swift in Sources */,
				F193DF552379CA3F004D4334 /* Line.swift in Sources */,
				F193DF4B2379CA3F004D4334 /* CGPointTransformation.swift in Sources */,
				F193DF502379CA3F004D4334 /* CGTransformModifier.swift in Sources */,
				F193DF5F2379CA3F004D4334 /* CircleParser.swift in Sources */,
				F193DF602379CA3F004D4334 /* NSBezierPathParser.swift in Sources */,
				F193DF4C2379CA3F004D4334 /* CGPointParser.swift in Sources */,
				F193DF612379CA3F004D4334 /* CGPathExtensions.swift in Sources */,
				F17640382383FF38003FCFA6 /* CALayer+Extension.swift in Sources */,
				F193DF622379CA3F004D4334 /* CubicCurveUtils.swift in Sources */,
				F193DF4A2379CA3F004D4334 /* CGPointTrig.swift in Sources */,
				F193DF5A2379CA3F004D4334 /* CGRectParser.Side.swift in Sources */,
				F193DF472379CA3F004D4334 /* CGSize+Extension.swift in Sources */,
			);
			runOnlyForDeploymentPostprocessing = 0;
		};
		F1D7F9D72379C7EC00E80BCF /* Sources */ = {
			isa = PBXSourcesBuildPhase;
			buildActionMask = 2147483647;
			files = (
				F1D7F9E12379C7EC00E80BCF /* GeomKitTests.swift in Sources */,
			);
			runOnlyForDeploymentPostprocessing = 0;
		};
/* End PBXSourcesBuildPhase section */

/* Begin PBXTargetDependency section */
		F193DF75237A0B24004D4334 /* PBXTargetDependency */ = {
			isa = PBXTargetDependency;
			target = F193DF69237A0B23004D4334 /* GeomKitMacOS */;
			targetProxy = F193DF74237A0B24004D4334 /* PBXContainerItemProxy */;
		};
		F1D7F9DE2379C7EC00E80BCF /* PBXTargetDependency */ = {
			isa = PBXTargetDependency;
			target = F1D7F9D12379C7EC00E80BCF /* GeomKit */;
			targetProxy = F1D7F9DD2379C7EC00E80BCF /* PBXContainerItemProxy */;
		};
/* End PBXTargetDependency section */

/* Begin XCBuildConfiguration section */
		F193DF7C237A0B24004D4334 /* Debug */ = {
			isa = XCBuildConfiguration;
			buildSettings = {
				CODE_SIGN_IDENTITY = "Apple Development";
				CODE_SIGN_STYLE = Automatic;
				COMBINE_HIDPI_IMAGES = YES;
				DEFINES_MODULE = YES;
				DEVELOPMENT_TEAM = "";
				DYLIB_COMPATIBILITY_VERSION = 1;
				DYLIB_CURRENT_VERSION = 1;
				DYLIB_INSTALL_NAME_BASE = "@rpath";
				FRAMEWORK_SEARCH_PATHS = (
					"$(inherited)",
					"$(PROJECT_DIR)/Carthage/Build/Mac",
				);
				INFOPLIST_FILE = GeomKitMacOS/Info.plist;
				INSTALL_PATH = "$(LOCAL_LIBRARY_DIR)/Frameworks";
				LD_RUNPATH_SEARCH_PATHS = (
					"$(inherited)",
					"@executable_path/../Frameworks",
					"@loader_path/Frameworks",
				);
				MACOSX_DEPLOYMENT_TARGET = 10.14;
				PRODUCT_BUNDLE_IDENTIFIER = io.github.futurelab.GeomKitMacOS;
				PRODUCT_NAME = "$(TARGET_NAME:c99extidentifier)";
				SDKROOT = macosx;
				SKIP_INSTALL = YES;
				SWIFT_VERSION = 5.0;
			};
			name = Debug;
		};
		F193DF7D237A0B24004D4334 /* Release */ = {
			isa = XCBuildConfiguration;
			buildSettings = {
				CODE_SIGN_IDENTITY = "Apple Development";
				CODE_SIGN_STYLE = Automatic;
				COMBINE_HIDPI_IMAGES = YES;
				DEFINES_MODULE = YES;
				DEVELOPMENT_TEAM = "";
				DYLIB_COMPATIBILITY_VERSION = 1;
				DYLIB_CURRENT_VERSION = 1;
				DYLIB_INSTALL_NAME_BASE = "@rpath";
				FRAMEWORK_SEARCH_PATHS = (
					"$(inherited)",
					"$(PROJECT_DIR)/Carthage/Build/Mac",
				);
				INFOPLIST_FILE = GeomKitMacOS/Info.plist;
				INSTALL_PATH = "$(LOCAL_LIBRARY_DIR)/Frameworks";
				LD_RUNPATH_SEARCH_PATHS = (
					"$(inherited)",
					"@executable_path/../Frameworks",
					"@loader_path/Frameworks",
				);
				MACOSX_DEPLOYMENT_TARGET = 10.14;
				PRODUCT_BUNDLE_IDENTIFIER = io.github.futurelab.GeomKitMacOS;
				PRODUCT_NAME = "$(TARGET_NAME:c99extidentifier)";
				SDKROOT = macosx;
				SKIP_INSTALL = YES;
				SWIFT_VERSION = 5.0;
			};
			name = Release;
		};
		F193DF7F237A0B24004D4334 /* Debug */ = {
			isa = XCBuildConfiguration;
			buildSettings = {
				ALWAYS_EMBED_SWIFT_STANDARD_LIBRARIES = YES;
				CODE_SIGN_STYLE = Automatic;
				COMBINE_HIDPI_IMAGES = YES;
				INFOPLIST_FILE = GeomKitMacOSTests/Info.plist;
				LD_RUNPATH_SEARCH_PATHS = (
					"$(inherited)",
					"@executable_path/../Frameworks",
					"@loader_path/../Frameworks",
				);
				MACOSX_DEPLOYMENT_TARGET = 10.14;
				PRODUCT_BUNDLE_IDENTIFIER = io.github.futurelab.GeomKitMacOSTests;
				PRODUCT_NAME = "$(TARGET_NAME)";
				SDKROOT = macosx;
				SWIFT_VERSION = 5.0;
			};
			name = Debug;
		};
		F193DF80237A0B24004D4334 /* Release */ = {
			isa = XCBuildConfiguration;
			buildSettings = {
				ALWAYS_EMBED_SWIFT_STANDARD_LIBRARIES = YES;
				CODE_SIGN_STYLE = Automatic;
				COMBINE_HIDPI_IMAGES = YES;
				INFOPLIST_FILE = GeomKitMacOSTests/Info.plist;
				LD_RUNPATH_SEARCH_PATHS = (
					"$(inherited)",
					"@executable_path/../Frameworks",
					"@loader_path/../Frameworks",
				);
				MACOSX_DEPLOYMENT_TARGET = 10.14;
				PRODUCT_BUNDLE_IDENTIFIER = io.github.futurelab.GeomKitMacOSTests;
				PRODUCT_NAME = "$(TARGET_NAME)";
				SDKROOT = macosx;
				SWIFT_VERSION = 5.0;
			};
			name = Release;
		};
		F1D7F9E42379C7EC00E80BCF /* Debug */ = {
			isa = XCBuildConfiguration;
			buildSettings = {
				ALWAYS_SEARCH_USER_PATHS = NO;
				CLANG_ANALYZER_NONNULL = YES;
				CLANG_ANALYZER_NUMBER_OBJECT_CONVERSION = YES_AGGRESSIVE;
				CLANG_CXX_LANGUAGE_STANDARD = "gnu++14";
				CLANG_CXX_LIBRARY = "libc++";
				CLANG_ENABLE_MODULES = YES;
				CLANG_ENABLE_OBJC_ARC = YES;
				CLANG_ENABLE_OBJC_WEAK = YES;
				CLANG_WARN_BLOCK_CAPTURE_AUTORELEASING = YES;
				CLANG_WARN_BOOL_CONVERSION = YES;
				CLANG_WARN_COMMA = YES;
				CLANG_WARN_CONSTANT_CONVERSION = YES;
				CLANG_WARN_DEPRECATED_OBJC_IMPLEMENTATIONS = YES;
				CLANG_WARN_DIRECT_OBJC_ISA_USAGE = YES_ERROR;
				CLANG_WARN_DOCUMENTATION_COMMENTS = YES;
				CLANG_WARN_EMPTY_BODY = YES;
				CLANG_WARN_ENUM_CONVERSION = YES;
				CLANG_WARN_INFINITE_RECURSION = YES;
				CLANG_WARN_INT_CONVERSION = YES;
				CLANG_WARN_NON_LITERAL_NULL_CONVERSION = YES;
				CLANG_WARN_OBJC_IMPLICIT_RETAIN_SELF = YES;
				CLANG_WARN_OBJC_LITERAL_CONVERSION = YES;
				CLANG_WARN_OBJC_ROOT_CLASS = YES_ERROR;
				CLANG_WARN_RANGE_LOOP_ANALYSIS = YES;
				CLANG_WARN_STRICT_PROTOTYPES = YES;
				CLANG_WARN_SUSPICIOUS_MOVE = YES;
				CLANG_WARN_UNGUARDED_AVAILABILITY = YES_AGGRESSIVE;
				CLANG_WARN_UNREACHABLE_CODE = YES;
				CLANG_WARN__DUPLICATE_METHOD_MATCH = YES;
				COPY_PHASE_STRIP = NO;
				CURRENT_PROJECT_VERSION = 1;
				DEBUG_INFORMATION_FORMAT = dwarf;
				ENABLE_STRICT_OBJC_MSGSEND = YES;
				ENABLE_TESTABILITY = YES;
				GCC_C_LANGUAGE_STANDARD = gnu11;
				GCC_DYNAMIC_NO_PIC = NO;
				GCC_NO_COMMON_BLOCKS = YES;
				GCC_OPTIMIZATION_LEVEL = 0;
				GCC_PREPROCESSOR_DEFINITIONS = (
					"DEBUG=1",
					"$(inherited)",
				);
				GCC_WARN_64_TO_32_BIT_CONVERSION = YES;
				GCC_WARN_ABOUT_RETURN_TYPE = YES_ERROR;
				GCC_WARN_UNDECLARED_SELECTOR = YES;
				GCC_WARN_UNINITIALIZED_AUTOS = YES_AGGRESSIVE;
				GCC_WARN_UNUSED_FUNCTION = YES;
				GCC_WARN_UNUSED_VARIABLE = YES;
				IPHONEOS_DEPLOYMENT_TARGET = 13.2;
				MTL_ENABLE_DEBUG_INFO = INCLUDE_SOURCE;
				MTL_FAST_MATH = YES;
				ONLY_ACTIVE_ARCH = YES;
				SDKROOT = iphoneos;
				SWIFT_ACTIVE_COMPILATION_CONDITIONS = DEBUG;
				SWIFT_OPTIMIZATION_LEVEL = "-Onone";
				VERSIONING_SYSTEM = "apple-generic";
				VERSION_INFO_PREFIX = "";
			};
			name = Debug;
		};
		F1D7F9E52379C7EC00E80BCF /* Release */ = {
			isa = XCBuildConfiguration;
			buildSettings = {
				ALWAYS_SEARCH_USER_PATHS = NO;
				CLANG_ANALYZER_NONNULL = YES;
				CLANG_ANALYZER_NUMBER_OBJECT_CONVERSION = YES_AGGRESSIVE;
				CLANG_CXX_LANGUAGE_STANDARD = "gnu++14";
				CLANG_CXX_LIBRARY = "libc++";
				CLANG_ENABLE_MODULES = YES;
				CLANG_ENABLE_OBJC_ARC = YES;
				CLANG_ENABLE_OBJC_WEAK = YES;
				CLANG_WARN_BLOCK_CAPTURE_AUTORELEASING = YES;
				CLANG_WARN_BOOL_CONVERSION = YES;
				CLANG_WARN_COMMA = YES;
				CLANG_WARN_CONSTANT_CONVERSION = YES;
				CLANG_WARN_DEPRECATED_OBJC_IMPLEMENTATIONS = YES;
				CLANG_WARN_DIRECT_OBJC_ISA_USAGE = YES_ERROR;
				CLANG_WARN_DOCUMENTATION_COMMENTS = YES;
				CLANG_WARN_EMPTY_BODY = YES;
				CLANG_WARN_ENUM_CONVERSION = YES;
				CLANG_WARN_INFINITE_RECURSION = YES;
				CLANG_WARN_INT_CONVERSION = YES;
				CLANG_WARN_NON_LITERAL_NULL_CONVERSION = YES;
				CLANG_WARN_OBJC_IMPLICIT_RETAIN_SELF = YES;
				CLANG_WARN_OBJC_LITERAL_CONVERSION = YES;
				CLANG_WARN_OBJC_ROOT_CLASS = YES_ERROR;
				CLANG_WARN_RANGE_LOOP_ANALYSIS = YES;
				CLANG_WARN_STRICT_PROTOTYPES = YES;
				CLANG_WARN_SUSPICIOUS_MOVE = YES;
				CLANG_WARN_UNGUARDED_AVAILABILITY = YES_AGGRESSIVE;
				CLANG_WARN_UNREACHABLE_CODE = YES;
				CLANG_WARN__DUPLICATE_METHOD_MATCH = YES;
				COPY_PHASE_STRIP = NO;
				CURRENT_PROJECT_VERSION = 1;
				DEBUG_INFORMATION_FORMAT = "dwarf-with-dsym";
				ENABLE_NS_ASSERTIONS = NO;
				ENABLE_STRICT_OBJC_MSGSEND = YES;
				GCC_C_LANGUAGE_STANDARD = gnu11;
				GCC_NO_COMMON_BLOCKS = YES;
				GCC_WARN_64_TO_32_BIT_CONVERSION = YES;
				GCC_WARN_ABOUT_RETURN_TYPE = YES_ERROR;
				GCC_WARN_UNDECLARED_SELECTOR = YES;
				GCC_WARN_UNINITIALIZED_AUTOS = YES_AGGRESSIVE;
				GCC_WARN_UNUSED_FUNCTION = YES;
				GCC_WARN_UNUSED_VARIABLE = YES;
				IPHONEOS_DEPLOYMENT_TARGET = 13.2;
				MTL_ENABLE_DEBUG_INFO = NO;
				MTL_FAST_MATH = YES;
				SDKROOT = iphoneos;
				SWIFT_COMPILATION_MODE = wholemodule;
				SWIFT_OPTIMIZATION_LEVEL = "-O";
				VALIDATE_PRODUCT = YES;
				VERSIONING_SYSTEM = "apple-generic";
				VERSION_INFO_PREFIX = "";
			};
			name = Release;
		};
		F1D7F9E72379C7EC00E80BCF /* Debug */ = {
			isa = XCBuildConfiguration;
			buildSettings = {
				CODE_SIGN_STYLE = Automatic;
				DEFINES_MODULE = YES;
				DEVELOPMENT_ASSET_PATHS = "";
				DYLIB_COMPATIBILITY_VERSION = 1;
				DYLIB_CURRENT_VERSION = 1;
				DYLIB_INSTALL_NAME_BASE = "@rpath";
				FRAMEWORK_SEARCH_PATHS = (
					"$(inherited)",
					"$(PROJECT_DIR)/Carthage/Build/iOS",
				);
				INFOPLIST_FILE = GeomKit/Info.plist;
				INSTALL_PATH = "$(LOCAL_LIBRARY_DIR)/Frameworks";
				IPHONEOS_DEPLOYMENT_TARGET = 12.2;
				LD_RUNPATH_SEARCH_PATHS = (
					"$(inherited)",
					"@executable_path/Frameworks",
					"@loader_path/Frameworks",
				);
				PRODUCT_BUNDLE_IDENTIFIER = io.github.futurelab.GeomKit;
				PRODUCT_NAME = "$(TARGET_NAME:c99extidentifier)";
				SKIP_INSTALL = YES;
				SUPPORTS_MACCATALYST = NO;
				SWIFT_VERSION = 5.0;
				TARGETED_DEVICE_FAMILY = 1;
			};
			name = Debug;
		};
		F1D7F9E82379C7EC00E80BCF /* Release */ = {
			isa = XCBuildConfiguration;
			buildSettings = {
				CODE_SIGN_STYLE = Automatic;
				DEFINES_MODULE = YES;
				DEVELOPMENT_ASSET_PATHS = "";
				DYLIB_COMPATIBILITY_VERSION = 1;
				DYLIB_CURRENT_VERSION = 1;
				DYLIB_INSTALL_NAME_BASE = "@rpath";
				FRAMEWORK_SEARCH_PATHS = (
					"$(inherited)",
					"$(PROJECT_DIR)/Carthage/Build/iOS",
				);
				INFOPLIST_FILE = GeomKit/Info.plist;
				INSTALL_PATH = "$(LOCAL_LIBRARY_DIR)/Frameworks";
				IPHONEOS_DEPLOYMENT_TARGET = 12.2;
				LD_RUNPATH_SEARCH_PATHS = (
					"$(inherited)",
					"@executable_path/Frameworks",
					"@loader_path/Frameworks",
				);
				PRODUCT_BUNDLE_IDENTIFIER = io.github.futurelab.GeomKit;
				PRODUCT_NAME = "$(TARGET_NAME:c99extidentifier)";
				SKIP_INSTALL = YES;
				SUPPORTS_MACCATALYST = NO;
				SWIFT_VERSION = 5.0;
				TARGETED_DEVICE_FAMILY = 1;
			};
			name = Release;
		};
		F1D7F9EA2379C7EC00E80BCF /* Debug */ = {
			isa = XCBuildConfiguration;
			buildSettings = {
				ALWAYS_EMBED_SWIFT_STANDARD_LIBRARIES = YES;
				CODE_SIGN_STYLE = Automatic;
				INFOPLIST_FILE = GeomKitTests/Info.plist;
				LD_RUNPATH_SEARCH_PATHS = (
					"$(inherited)",
					"@executable_path/Frameworks",
					"@loader_path/Frameworks",
				);
				PRODUCT_BUNDLE_IDENTIFIER = io.github.futurelab.GeomKitTests;
				PRODUCT_NAME = "$(TARGET_NAME)";
				SWIFT_VERSION = 5.0;
				TARGETED_DEVICE_FAMILY = "1,2";
			};
			name = Debug;
		};
		F1D7F9EB2379C7EC00E80BCF /* Release */ = {
			isa = XCBuildConfiguration;
			buildSettings = {
				ALWAYS_EMBED_SWIFT_STANDARD_LIBRARIES = YES;
				CODE_SIGN_STYLE = Automatic;
				INFOPLIST_FILE = GeomKitTests/Info.plist;
				LD_RUNPATH_SEARCH_PATHS = (
					"$(inherited)",
					"@executable_path/Frameworks",
					"@loader_path/Frameworks",
				);
				PRODUCT_BUNDLE_IDENTIFIER = io.github.futurelab.GeomKitTests;
				PRODUCT_NAME = "$(TARGET_NAME)";
				SWIFT_VERSION = 5.0;
				TARGETED_DEVICE_FAMILY = "1,2";
			};
			name = Release;
		};
/* End XCBuildConfiguration section */

/* Begin XCConfigurationList section */
		F193DF7B237A0B24004D4334 /* Build configuration list for PBXNativeTarget "GeomKitMacOS" */ = {
			isa = XCConfigurationList;
			buildConfigurations = (
				F193DF7C237A0B24004D4334 /* Debug */,
				F193DF7D237A0B24004D4334 /* Release */,
			);
			defaultConfigurationIsVisible = 0;
			defaultConfigurationName = Release;
		};
		F193DF7E237A0B24004D4334 /* Build configuration list for PBXNativeTarget "GeomKitMacOSTests" */ = {
			isa = XCConfigurationList;
			buildConfigurations = (
				F193DF7F237A0B24004D4334 /* Debug */,
				F193DF80237A0B24004D4334 /* Release */,
			);
			defaultConfigurationIsVisible = 0;
			defaultConfigurationName = Release;
		};
		F1D7F9CC2379C7EC00E80BCF /* Build configuration list for PBXProject "GeomKit" */ = {
			isa = XCConfigurationList;
			buildConfigurations = (
				F1D7F9E42379C7EC00E80BCF /* Debug */,
				F1D7F9E52379C7EC00E80BCF /* Release */,
			);
			defaultConfigurationIsVisible = 0;
			defaultConfigurationName = Release;
		};
		F1D7F9E62379C7EC00E80BCF /* Build configuration list for PBXNativeTarget "GeomKit" */ = {
			isa = XCConfigurationList;
			buildConfigurations = (
				F1D7F9E72379C7EC00E80BCF /* Debug */,
				F1D7F9E82379C7EC00E80BCF /* Release */,
			);
			defaultConfigurationIsVisible = 0;
			defaultConfigurationName = Release;
		};
		F1D7F9E92379C7EC00E80BCF /* Build configuration list for PBXNativeTarget "GeomKitTests" */ = {
			isa = XCConfigurationList;
			buildConfigurations = (
				F1D7F9EA2379C7EC00E80BCF /* Debug */,
				F1D7F9EB2379C7EC00E80BCF /* Release */,
			);
			defaultConfigurationIsVisible = 0;
			defaultConfigurationName = Release;
		};
/* End XCConfigurationList section */
	};
	rootObject = F1D7F9C92379C7EC00E80BCF /* Project object */;
}
