// !$*UTF8*$!
{
	archiveVersion = 1;
	classes = {
	};
	objectVersion = 52;
	objects = {

/* Begin PBXBuildFile section */
		F1DD6986238E7F2E00AD4189 /* GeomKitTest.swift in Sources */ = {isa = PBXBuildFile; fileRef = F1DD6985238E7F2E00AD4189 /* GeomKitTest.swift */; };
		F1DD69AC238E802D00AD4189 /* CGSize+Extension.swift in Sources */ = {isa = PBXBuildFile; fileRef = F193DF1C2379CA3F004D4334 /* CGSize+Extension.swift */; };
		F1DD69AD238E802D00AD4189 /* CGPoint+Extension.swift in Sources */ = {isa = PBXBuildFile; fileRef = F193DF1F2379CA3F004D4334 /* CGPoint+Extension.swift */; };
		F1DD69AE238E802D00AD4189 /* CGPoint+Operator.swift in Sources */ = {isa = PBXBuildFile; fileRef = F193DF202379CA3F004D4334 /* CGPoint+Operator.swift */; };
		F1DD69AF238E802D00AD4189 /* CGPointTrig.swift in Sources */ = {isa = PBXBuildFile; fileRef = F193DF222379CA3F004D4334 /* CGPointTrig.swift */; };
		F1DD69B0238E802D00AD4189 /* CGPointTransformation.swift in Sources */ = {isa = PBXBuildFile; fileRef = F193DF232379CA3F004D4334 /* CGPointTransformation.swift */; };
		F1DD69B1238E802D00AD4189 /* CGPointParser.swift in Sources */ = {isa = PBXBuildFile; fileRef = F193DF242379CA3F004D4334 /* CGPointParser.swift */; };
		F1DD69B2238E802D00AD4189 /* CGPointAsserter.swift in Sources */ = {isa = PBXBuildFile; fileRef = F193DF252379CA3F004D4334 /* CGPointAsserter.swift */; };
		F1DD69B3238E802D00AD4189 /* CGPointModifier.swift in Sources */ = {isa = PBXBuildFile; fileRef = F193DF262379CA3F004D4334 /* CGPointModifier.swift */; };
		F1DD69B4238E802D00AD4189 /* CGTransform+Extension.swift in Sources */ = {isa = PBXBuildFile; fileRef = F193DF282379CA3F004D4334 /* CGTransform+Extension.swift */; };
		F1DD69B5238E802D00AD4189 /* CGTransformModifier.swift in Sources */ = {isa = PBXBuildFile; fileRef = F193DF292379CA3F004D4334 /* CGTransformModifier.swift */; };
		F1DD69B6238E802D00AD4189 /* CGTransformParser.swift in Sources */ = {isa = PBXBuildFile; fileRef = F193DF2A2379CA3F004D4334 /* CGTransformParser.swift */; };
		F1DD69B7238E802D00AD4189 /* CAShapeUtil.swift in Sources */ = {isa = PBXBuildFile; fileRef = F193DF2C2379CA3F004D4334 /* CAShapeUtil.swift */; };
		F1DD69B8238E802D00AD4189 /* CALayer+Extension.swift in Sources */ = {isa = PBXBuildFile; fileRef = F17640372383FF38003FCFA6 /* CALayer+Extension.swift */; };
		F1DD69B9238E802D00AD4189 /* CAShapeUtil+TypeAlias.swift in Sources */ = {isa = PBXBuildFile; fileRef = F13A222C2383291400DE39B3 /* CAShapeUtil+TypeAlias.swift */; };
		F1DD69BA238E802D00AD4189 /* LineAsserter.swift in Sources */ = {isa = PBXBuildFile; fileRef = F193DF2F2379CA3F004D4334 /* LineAsserter.swift */; };
		F1DD69BB238E802D00AD4189 /* LineParser.swift in Sources */ = {isa = PBXBuildFile; fileRef = F193DF302379CA3F004D4334 /* LineParser.swift */; };
		F1DD69BC238E802D00AD4189 /* Line.swift in Sources */ = {isa = PBXBuildFile; fileRef = F193DF312379CA3F004D4334 /* Line.swift */; };
		F1DD69BD238E802D00AD4189 /* CGRect+Offset.swift in Sources */ = {isa = PBXBuildFile; fileRef = F193DF342379CA3F004D4334 /* CGRect+Offset.swift */; };
		F1DD69BE238E802D00AD4189 /* CGRect+Operator.swift in Sources */ = {isa = PBXBuildFile; fileRef = F193DF352379CA3F004D4334 /* CGRect+Operator.swift */; };
		F1DD69BF238E802D00AD4189 /* CGRect+Alignement.swift in Sources */ = {isa = PBXBuildFile; fileRef = F193DF362379CA3F004D4334 /* CGRect+Alignement.swift */; };
		F1DD69C0238E802D00AD4189 /* CGRect+Extension.swift in Sources */ = {isa = PBXBuildFile; fileRef = F193DF372379CA3F004D4334 /* CGRect+Extension.swift */; };
		F1DD69C1238E802D00AD4189 /* CGRectParser.Side.swift in Sources */ = {isa = PBXBuildFile; fileRef = F193DF382379CA3F004D4334 /* CGRectParser.Side.swift */; };
		F1DD69C2238E802D00AD4189 /* CGRectModifier.swift in Sources */ = {isa = PBXBuildFile; fileRef = F193DF392379CA3F004D4334 /* CGRectModifier.swift */; };
		F1DD69C3238E802D00AD4189 /* CGRectParser.Path.swift in Sources */ = {isa = PBXBuildFile; fileRef = F193DF3A2379CA3F004D4334 /* CGRectParser.Path.swift */; };
		F1DD69C4238E802D00AD4189 /* CGRectParser.swift in Sources */ = {isa = PBXBuildFile; fileRef = F193DF3B2379CA3F004D4334 /* CGRectParser.swift */; };
		F1DD69C5238E802D00AD4189 /* CGRectAsserter.swift in Sources */ = {isa = PBXBuildFile; fileRef = F193DF3C2379CA3F004D4334 /* CGRectAsserter.swift */; };
		F1DD69C6238E802D00AD4189 /* CircleParser.swift in Sources */ = {isa = PBXBuildFile; fileRef = F193DF3E2379CA3F004D4334 /* CircleParser.swift */; };
		F1DD69C7238E802D00AD4189 /* NSBezierPathParser.swift in Sources */ = {isa = PBXBuildFile; fileRef = F193DF412379CA3F004D4334 /* NSBezierPathParser.swift */; };
		F1DD69C8238E802D00AD4189 /* CGPathExtensions.swift in Sources */ = {isa = PBXBuildFile; fileRef = F193DF422379CA3F004D4334 /* CGPathExtensions.swift */; };
		F1DD69C9238E802D00AD4189 /* CubicCurveUtils.swift in Sources */ = {isa = PBXBuildFile; fileRef = F193DF442379CA3F004D4334 /* CubicCurveUtils.swift */; };
		F1DD69CA238E802D00AD4189 /* CGPathModifier.swift in Sources */ = {isa = PBXBuildFile; fileRef = F193DF452379CA3F004D4334 /* CGPathModifier.swift */; };
		F1DD69CB238E802D00AD4189 /* CGPathParser.swift in Sources */ = {isa = PBXBuildFile; fileRef = F193DF462379CA3F004D4334 /* CGPathParser.swift */; };
/* End PBXBuildFile section */

/* Begin PBXFileReference section */
		F13A222C2383291400DE39B3 /* CAShapeUtil+TypeAlias.swift */ = {isa = PBXFileReference; lastKnownFileType = sourcecode.swift; path = "CAShapeUtil+TypeAlias.swift"; sourceTree = "<group>"; };
		F17640372383FF38003FCFA6 /* CALayer+Extension.swift */ = {isa = PBXFileReference; lastKnownFileType = sourcecode.swift; path = "CALayer+Extension.swift"; sourceTree = "<group>"; };
		F193DF1C2379CA3F004D4334 /* CGSize+Extension.swift */ = {isa = PBXFileReference; fileEncoding = 4; lastKnownFileType = sourcecode.swift; path = "CGSize+Extension.swift"; sourceTree = "<group>"; };
		F193DF1F2379CA3F004D4334 /* CGPoint+Extension.swift */ = {isa = PBXFileReference; fileEncoding = 4; lastKnownFileType = sourcecode.swift; path = "CGPoint+Extension.swift"; sourceTree = "<group>"; };
		F193DF202379CA3F004D4334 /* CGPoint+Operator.swift */ = {isa = PBXFileReference; fileEncoding = 4; lastKnownFileType = sourcecode.swift; path = "CGPoint+Operator.swift"; sourceTree = "<group>"; };
		F193DF222379CA3F004D4334 /* CGPointTrig.swift */ = {isa = PBXFileReference; fileEncoding = 4; lastKnownFileType = sourcecode.swift; path = CGPointTrig.swift; sourceTree = "<group>"; };
		F193DF232379CA3F004D4334 /* CGPointTransformation.swift */ = {isa = PBXFileReference; fileEncoding = 4; lastKnownFileType = sourcecode.swift; path = CGPointTransformation.swift; sourceTree = "<group>"; };
		F193DF242379CA3F004D4334 /* CGPointParser.swift */ = {isa = PBXFileReference; fileEncoding = 4; lastKnownFileType = sourcecode.swift; path = CGPointParser.swift; sourceTree = "<group>"; };
		F193DF252379CA3F004D4334 /* CGPointAsserter.swift */ = {isa = PBXFileReference; fileEncoding = 4; lastKnownFileType = sourcecode.swift; path = CGPointAsserter.swift; sourceTree = "<group>"; };
		F193DF262379CA3F004D4334 /* CGPointModifier.swift */ = {isa = PBXFileReference; fileEncoding = 4; lastKnownFileType = sourcecode.swift; path = CGPointModifier.swift; sourceTree = "<group>"; };
		F193DF282379CA3F004D4334 /* CGTransform+Extension.swift */ = {isa = PBXFileReference; fileEncoding = 4; lastKnownFileType = sourcecode.swift; path = "CGTransform+Extension.swift"; sourceTree = "<group>"; };
		F193DF292379CA3F004D4334 /* CGTransformModifier.swift */ = {isa = PBXFileReference; fileEncoding = 4; lastKnownFileType = sourcecode.swift; path = CGTransformModifier.swift; sourceTree = "<group>"; };
		F193DF2A2379CA3F004D4334 /* CGTransformParser.swift */ = {isa = PBXFileReference; fileEncoding = 4; lastKnownFileType = sourcecode.swift; path = CGTransformParser.swift; sourceTree = "<group>"; };
		F193DF2C2379CA3F004D4334 /* CAShapeUtil.swift */ = {isa = PBXFileReference; fileEncoding = 4; lastKnownFileType = sourcecode.swift; path = CAShapeUtil.swift; sourceTree = "<group>"; };
		F193DF2F2379CA3F004D4334 /* LineAsserter.swift */ = {isa = PBXFileReference; fileEncoding = 4; lastKnownFileType = sourcecode.swift; path = LineAsserter.swift; sourceTree = "<group>"; };
		F193DF302379CA3F004D4334 /* LineParser.swift */ = {isa = PBXFileReference; fileEncoding = 4; lastKnownFileType = sourcecode.swift; path = LineParser.swift; sourceTree = "<group>"; };
		F193DF312379CA3F004D4334 /* Line.swift */ = {isa = PBXFileReference; fileEncoding = 4; lastKnownFileType = sourcecode.swift; path = Line.swift; sourceTree = "<group>"; };
		F193DF342379CA3F004D4334 /* CGRect+Offset.swift */ = {isa = PBXFileReference; fileEncoding = 4; lastKnownFileType = sourcecode.swift; path = "CGRect+Offset.swift"; sourceTree = "<group>"; };
		F193DF352379CA3F004D4334 /* CGRect+Operator.swift */ = {isa = PBXFileReference; fileEncoding = 4; lastKnownFileType = sourcecode.swift; path = "CGRect+Operator.swift"; sourceTree = "<group>"; };
		F193DF362379CA3F004D4334 /* CGRect+Alignement.swift */ = {isa = PBXFileReference; fileEncoding = 4; lastKnownFileType = sourcecode.swift; path = "CGRect+Alignement.swift"; sourceTree = "<group>"; };
		F193DF372379CA3F004D4334 /* CGRect+Extension.swift */ = {isa = PBXFileReference; fileEncoding = 4; lastKnownFileType = sourcecode.swift; path = "CGRect+Extension.swift"; sourceTree = "<group>"; };
		F193DF382379CA3F004D4334 /* CGRectParser.Side.swift */ = {isa = PBXFileReference; fileEncoding = 4; lastKnownFileType = sourcecode.swift; path = CGRectParser.Side.swift; sourceTree = "<group>"; };
		F193DF392379CA3F004D4334 /* CGRectModifier.swift */ = {isa = PBXFileReference; fileEncoding = 4; lastKnownFileType = sourcecode.swift; path = CGRectModifier.swift; sourceTree = "<group>"; };
		F193DF3A2379CA3F004D4334 /* CGRectParser.Path.swift */ = {isa = PBXFileReference; fileEncoding = 4; lastKnownFileType = sourcecode.swift; path = CGRectParser.Path.swift; sourceTree = "<group>"; };
		F193DF3B2379CA3F004D4334 /* CGRectParser.swift */ = {isa = PBXFileReference; fileEncoding = 4; lastKnownFileType = sourcecode.swift; path = CGRectParser.swift; sourceTree = "<group>"; };
		F193DF3C2379CA3F004D4334 /* CGRectAsserter.swift */ = {isa = PBXFileReference; fileEncoding = 4; lastKnownFileType = sourcecode.swift; path = CGRectAsserter.swift; sourceTree = "<group>"; };
		F193DF3E2379CA3F004D4334 /* CircleParser.swift */ = {isa = PBXFileReference; fileEncoding = 4; lastKnownFileType = sourcecode.swift; path = CircleParser.swift; sourceTree = "<group>"; };
		F193DF412379CA3F004D4334 /* NSBezierPathParser.swift */ = {isa = PBXFileReference; fileEncoding = 4; lastKnownFileType = sourcecode.swift; path = NSBezierPathParser.swift; sourceTree = "<group>"; };
		F193DF422379CA3F004D4334 /* CGPathExtensions.swift */ = {isa = PBXFileReference; fileEncoding = 4; lastKnownFileType = sourcecode.swift; path = CGPathExtensions.swift; sourceTree = "<group>"; };
		F193DF442379CA3F004D4334 /* CubicCurveUtils.swift */ = {isa = PBXFileReference; fileEncoding = 4; lastKnownFileType = sourcecode.swift; path = CubicCurveUtils.swift; sourceTree = "<group>"; };
		F193DF452379CA3F004D4334 /* CGPathModifier.swift */ = {isa = PBXFileReference; fileEncoding = 4; lastKnownFileType = sourcecode.swift; path = CGPathModifier.swift; sourceTree = "<group>"; };
		F193DF462379CA3F004D4334 /* CGPathParser.swift */ = {isa = PBXFileReference; fileEncoding = 4; lastKnownFileType = sourcecode.swift; path = CGPathParser.swift; sourceTree = "<group>"; };
		F1DD6983238E7F2E00AD4189 /* GeomKitTest.xctest */ = {isa = PBXFileReference; explicitFileType = wrapper.cfbundle; includeInIndex = 0; path = GeomKitTest.xctest; sourceTree = BUILT_PRODUCTS_DIR; };
		F1DD6985238E7F2E00AD4189 /* GeomKitTest.swift */ = {isa = PBXFileReference; lastKnownFileType = sourcecode.swift; path = GeomKitTest.swift; sourceTree = "<group>"; };
		F1DD6987238E7F2E00AD4189 /* Info.plist */ = {isa = PBXFileReference; lastKnownFileType = text.plist.xml; path = Info.plist; sourceTree = "<group>"; };
		F1DD69CC238E80CE00AD4189 /* NumberSugar */ = {isa = PBXFileReference; lastKnownFileType = text; name = NumberSugar; path = "/Users/eon/Library/Developer/Xcode/DerivedData/GeomKit-adlwkuwsujowqmbmsrvcejjvfxhe/SourcePackages/checkouts/NumberSugar"; sourceTree = "<absolute>"; };
/* End PBXFileReference section */

/* Begin PBXFrameworksBuildPhase section */
		F1DD6980238E7F2E00AD4189 /* Frameworks */ = {
			isa = PBXFrameworksBuildPhase;
			buildActionMask = 2147483647;
			files = (
			);
			runOnlyForDeploymentPostprocessing = 0;
		};
/* End PBXFrameworksBuildPhase section */

/* Begin PBXGroup section */
		F193DF1B2379CA3F004D4334 /* CGSize */ = {
			isa = PBXGroup;
			children = (
				F193DF1C2379CA3F004D4334 /* CGSize+Extension.swift */,
			);
			path = CGSize;
			sourceTree = "<group>";
		};
		F193DF1D2379CA3F004D4334 /* CGPoint */ = {
			isa = PBXGroup;
			children = (
				F193DF1E2379CA3F004D4334 /* extension */,
				F193DF212379CA3F004D4334 /* util */,
				F193DF242379CA3F004D4334 /* CGPointParser.swift */,
				F193DF252379CA3F004D4334 /* CGPointAsserter.swift */,
				F193DF262379CA3F004D4334 /* CGPointModifier.swift */,
			);
			path = CGPoint;
			sourceTree = "<group>";
		};
		F193DF1E2379CA3F004D4334 /* extension */ = {
			isa = PBXGroup;
			children = (
				F193DF1F2379CA3F004D4334 /* CGPoint+Extension.swift */,
				F193DF202379CA3F004D4334 /* CGPoint+Operator.swift */,
			);
			path = extension;
			sourceTree = "<group>";
		};
		F193DF212379CA3F004D4334 /* util */ = {
			isa = PBXGroup;
			children = (
				F193DF222379CA3F004D4334 /* CGPointTrig.swift */,
				F193DF232379CA3F004D4334 /* CGPointTransformation.swift */,
			);
			path = util;
			sourceTree = "<group>";
		};
		F193DF272379CA3F004D4334 /* CGTransform */ = {
			isa = PBXGroup;
			children = (
				F193DF282379CA3F004D4334 /* CGTransform+Extension.swift */,
				F193DF292379CA3F004D4334 /* CGTransformModifier.swift */,
				F193DF2A2379CA3F004D4334 /* CGTransformParser.swift */,
			);
			path = CGTransform;
			sourceTree = "<group>";
		};
		F193DF2B2379CA3F004D4334 /* CALayer */ = {
			isa = PBXGroup;
			children = (
				F193DF2C2379CA3F004D4334 /* CAShapeUtil.swift */,
				F17640372383FF38003FCFA6 /* CALayer+Extension.swift */,
				F13A222C2383291400DE39B3 /* CAShapeUtil+TypeAlias.swift */,
			);
			path = CALayer;
			sourceTree = "<group>";
		};
		F193DF2D2379CA3F004D4334 /* Line */ = {
			isa = PBXGroup;
			children = (
				F193DF2E2379CA3F004D4334 /* utils */,
				F193DF312379CA3F004D4334 /* Line.swift */,
			);
			path = Line;
			sourceTree = "<group>";
		};
		F193DF2E2379CA3F004D4334 /* utils */ = {
			isa = PBXGroup;
			children = (
				F193DF2F2379CA3F004D4334 /* LineAsserter.swift */,
				F193DF302379CA3F004D4334 /* LineParser.swift */,
			);
			path = utils;
			sourceTree = "<group>";
		};
		F193DF322379CA3F004D4334 /* CGRect */ = {
			isa = PBXGroup;
			children = (
				F193DF332379CA3F004D4334 /* extension */,
				F193DF382379CA3F004D4334 /* CGRectParser.Side.swift */,
				F193DF392379CA3F004D4334 /* CGRectModifier.swift */,
				F193DF3A2379CA3F004D4334 /* CGRectParser.Path.swift */,
				F193DF3B2379CA3F004D4334 /* CGRectParser.swift */,
				F193DF3C2379CA3F004D4334 /* CGRectAsserter.swift */,
			);
			path = CGRect;
			sourceTree = "<group>";
		};
		F193DF332379CA3F004D4334 /* extension */ = {
			isa = PBXGroup;
			children = (
				F193DF342379CA3F004D4334 /* CGRect+Offset.swift */,
				F193DF352379CA3F004D4334 /* CGRect+Operator.swift */,
				F193DF362379CA3F004D4334 /* CGRect+Alignement.swift */,
				F193DF372379CA3F004D4334 /* CGRect+Extension.swift */,
			);
			path = extension;
			sourceTree = "<group>";
		};
		F193DF3D2379CA3F004D4334 /* Circle */ = {
			isa = PBXGroup;
			children = (
				F193DF3E2379CA3F004D4334 /* CircleParser.swift */,
			);
			path = Circle;
			sourceTree = "<group>";
		};
		F193DF3F2379CA3F004D4334 /* CGPath */ = {
			isa = PBXGroup;
			children = (
				F193DF402379CA3F004D4334 /* NSBezier */,
				F193DF422379CA3F004D4334 /* CGPathExtensions.swift */,
				F193DF432379CA3F004D4334 /* cubic */,
				F193DF452379CA3F004D4334 /* CGPathModifier.swift */,
				F193DF462379CA3F004D4334 /* CGPathParser.swift */,
			);
			path = CGPath;
			sourceTree = "<group>";
		};
		F193DF402379CA3F004D4334 /* NSBezier */ = {
			isa = PBXGroup;
			children = (
				F193DF412379CA3F004D4334 /* NSBezierPathParser.swift */,
			);
			path = NSBezier;
			sourceTree = "<group>";
		};
		F193DF432379CA3F004D4334 /* cubic */ = {
			isa = PBXGroup;
			children = (
				F193DF442379CA3F004D4334 /* CubicCurveUtils.swift */,
			);
			path = cubic;
			sourceTree = "<group>";
		};
		F1A583F0238E7C3B006908D9 /* Sources */ = {
			isa = PBXGroup;
			children = (
				F1A583F1238E7C3B006908D9 /* GeomKit */,
			);
			path = Sources;
			sourceTree = "<group>";
		};
		F1A583F1238E7C3B006908D9 /* GeomKit */ = {
			isa = PBXGroup;
			children = (
				F193DF1B2379CA3F004D4334 /* CGSize */,
				F193DF1D2379CA3F004D4334 /* CGPoint */,
				F193DF272379CA3F004D4334 /* CGTransform */,
				F193DF2B2379CA3F004D4334 /* CALayer */,
				F193DF2D2379CA3F004D4334 /* Line */,
				F193DF322379CA3F004D4334 /* CGRect */,
				F193DF3D2379CA3F004D4334 /* Circle */,
				F193DF3F2379CA3F004D4334 /* CGPath */,
			);
			path = GeomKit;
			sourceTree = "<group>";
		};
		F1D7F9C82379C7EC00E80BCF = {
			isa = PBXGroup;
			children = (
				F1A583F0238E7C3B006908D9 /* Sources */,
				F1DD6984238E7F2E00AD4189 /* GeomKitTest */,
				F1D7F9D32379C7EC00E80BCF /* Products */,
				F1D7FA372379C82000E80BCF /* Frameworks */,
			);
			sourceTree = "<group>";
		};
		F1D7F9D32379C7EC00E80BCF /* Products */ = {
			isa = PBXGroup;
			children = (
				F1DD6983238E7F2E00AD4189 /* GeomKitTest.xctest */,
			);
			name = Products;
			sourceTree = "<group>";
		};
		F1D7FA372379C82000E80BCF /* Frameworks */ = {
			isa = PBXGroup;
			children = (
				F1DD69CC238E80CE00AD4189 /* NumberSugar */,
			);
			name = Frameworks;
			sourceTree = "<group>";
		};
		F1DD6984238E7F2E00AD4189 /* GeomKitTest */ = {
			isa = PBXGroup;
			children = (
				F1DD6985238E7F2E00AD4189 /* GeomKitTest.swift */,
				F1DD6987238E7F2E00AD4189 /* Info.plist */,
			);
			path = GeomKitTest;
			sourceTree = "<group>";
		};
/* End PBXGroup section */

/* Begin PBXNativeTarget section */
		F1DD6982238E7F2E00AD4189 /* GeomKitTest */ = {
			isa = PBXNativeTarget;
			buildConfigurationList = F1DD6988238E7F2E00AD4189 /* Build configuration list for PBXNativeTarget "GeomKitTest" */;
			buildPhases = (
				F1DD697F238E7F2E00AD4189 /* Sources */,
				F1DD6980238E7F2E00AD4189 /* Frameworks */,
				F1DD6981238E7F2E00AD4189 /* Resources */,
			);
			buildRules = (
			);
			dependencies = (
			);
			name = GeomKitTest;
			productName = GeomKitTest;
			productReference = F1DD6983238E7F2E00AD4189 /* GeomKitTest.xctest */;
			productType = "com.apple.product-type.bundle.unit-test";
		};
/* End PBXNativeTarget section */

/* Begin PBXProject section */
		F1D7F9C92379C7EC00E80BCF /* Project object */ = {
			isa = PBXProject;
			attributes = {
				LastSwiftUpdateCheck = 1120;
				LastUpgradeCheck = 1120;
				ORGANIZATIONNAME = FutureLab;
				TargetAttributes = {
					F1DD6982238E7F2E00AD4189 = {
						CreatedOnToolsVersion = 11.2;
					};
				};
			};
			buildConfigurationList = F1D7F9CC2379C7EC00E80BCF /* Build configuration list for PBXProject "GeomKit" */;
			compatibilityVersion = "Xcode 9.3";
			developmentRegion = en;
			hasScannedForEncodings = 0;
			knownRegions = (
				en,
				Base,
			);
			mainGroup = F1D7F9C82379C7EC00E80BCF;
			packageReferences = (
				F15C52FC238E794D00E60B30 /* XCRemoteSwiftPackageReference "NumberSugar" */,
			);
			productRefGroup = F1D7F9D32379C7EC00E80BCF /* Products */;
			projectDirPath = "";
			projectRoot = "";
			targets = (
				F1DD6982238E7F2E00AD4189 /* GeomKitTest */,
			);
		};
/* End PBXProject section */

/* Begin PBXResourcesBuildPhase section */
		F1DD6981238E7F2E00AD4189 /* Resources */ = {
			isa = PBXResourcesBuildPhase;
			buildActionMask = 2147483647;
			files = (
			);
			runOnlyForDeploymentPostprocessing = 0;
		};
/* End PBXResourcesBuildPhase section */

/* Begin PBXSourcesBuildPhase section */
		F1DD697F238E7F2E00AD4189 /* Sources */ = {
			isa = PBXSourcesBuildPhase;
			buildActionMask = 2147483647;
			files = (
				F1DD69AF238E802D00AD4189 /* CGPointTrig.swift in Sources */,
				F1DD69C9238E802D00AD4189 /* CubicCurveUtils.swift in Sources */,
				F1DD69BF238E802D00AD4189 /* CGRect+Alignement.swift in Sources */,
				F1DD69B5238E802D00AD4189 /* CGTransformModifier.swift in Sources */,
				F1DD69AE238E802D00AD4189 /* CGPoint+Operator.swift in Sources */,
				F1DD69AC238E802D00AD4189 /* CGSize+Extension.swift in Sources */,
				F1DD69C0238E802D00AD4189 /* CGRect+Extension.swift in Sources */,
				F1DD69C7238E802D00AD4189 /* NSBezierPathParser.swift in Sources */,
				F1DD69C2238E802D00AD4189 /* CGRectModifier.swift in Sources */,
				F1DD6986238E7F2E00AD4189 /* GeomKitTest.swift in Sources */,
				F1DD69B7238E802D00AD4189 /* CAShapeUtil.swift in Sources */,
				F1DD69BB238E802D00AD4189 /* LineParser.swift in Sources */,
				F1DD69AD238E802D00AD4189 /* CGPoint+Extension.swift in Sources */,
				F1DD69BD238E802D00AD4189 /* CGRect+Offset.swift in Sources */,
				F1DD69C4238E802D00AD4189 /* CGRectParser.swift in Sources */,
				F1DD69C8238E802D00AD4189 /* CGPathExtensions.swift in Sources */,
				F1DD69B2238E802D00AD4189 /* CGPointAsserter.swift in Sources */,
				F1DD69B0238E802D00AD4189 /* CGPointTransformation.swift in Sources */,
				F1DD69C1238E802D00AD4189 /* CGRectParser.Side.swift in Sources */,
				F1DD69CB238E802D00AD4189 /* CGPathParser.swift in Sources */,
				F1DD69BE238E802D00AD4189 /* CGRect+Operator.swift in Sources */,
				F1DD69B8238E802D00AD4189 /* CALayer+Extension.swift in Sources */,
				F1DD69CA238E802D00AD4189 /* CGPathModifier.swift in Sources */,
				F1DD69B9238E802D00AD4189 /* CAShapeUtil+TypeAlias.swift in Sources */,
				F1DD69B1238E802D00AD4189 /* CGPointParser.swift in Sources */,
				F1DD69B6238E802D00AD4189 /* CGTransformParser.swift in Sources */,
				F1DD69C5238E802D00AD4189 /* CGRectAsserter.swift in Sources */,
				F1DD69C3238E802D00AD4189 /* CGRectParser.Path.swift in Sources */,
				F1DD69B4238E802D00AD4189 /* CGTransform+Extension.swift in Sources */,
				F1DD69C6238E802D00AD4189 /* CircleParser.swift in Sources */,
				F1DD69BC238E802D00AD4189 /* Line.swift in Sources */,
				F1DD69BA238E802D00AD4189 /* LineAsserter.swift in Sources */,
				F1DD69B3238E802D00AD4189 /* CGPointModifier.swift in Sources */,
			);
			runOnlyForDeploymentPostprocessing = 0;
		};
/* End PBXSourcesBuildPhase section */

/* Begin XCBuildConfiguration section */
		F1D7F9E42379C7EC00E80BCF /* Debug */ = {
			isa = XCBuildConfiguration;
			buildSettings = {
				ALWAYS_SEARCH_USER_PATHS = NO;
				CLANG_ANALYZER_NONNULL = YES;
				CLANG_ANALYZER_NUMBER_OBJECT_CONVERSION = YES_AGGRESSIVE;
				CLANG_CXX_LANGUAGE_STANDARD = "gnu++14";
				CLANG_CXX_LIBRARY = "libc++";
				CLANG_ENABLE_MODULES = YES;
				CLANG_ENABLE_OBJC_ARC = YES;
				CLANG_ENABLE_OBJC_WEAK = YES;
				CLANG_WARN_BLOCK_CAPTURE_AUTORELEASING = YES;
				CLANG_WARN_BOOL_CONVERSION = YES;
				CLANG_WARN_COMMA = YES;
				CLANG_WARN_CONSTANT_CONVERSION = YES;
				CLANG_WARN_DEPRECATED_OBJC_IMPLEMENTATIONS = YES;
				CLANG_WARN_DIRECT_OBJC_ISA_USAGE = YES_ERROR;
				CLANG_WARN_DOCUMENTATION_COMMENTS = YES;
				CLANG_WARN_EMPTY_BODY = YES;
				CLANG_WARN_ENUM_CONVERSION = YES;
				CLANG_WARN_INFINITE_RECURSION = YES;
				CLANG_WARN_INT_CONVERSION = YES;
				CLANG_WARN_NON_LITERAL_NULL_CONVERSION = YES;
				CLANG_WARN_OBJC_IMPLICIT_RETAIN_SELF = YES;
				CLANG_WARN_OBJC_LITERAL_CONVERSION = YES;
				CLANG_WARN_OBJC_ROOT_CLASS = YES_ERROR;
				CLANG_WARN_RANGE_LOOP_ANALYSIS = YES;
				CLANG_WARN_STRICT_PROTOTYPES = YES;
				CLANG_WARN_SUSPICIOUS_MOVE = YES;
				CLANG_WARN_UNGUARDED_AVAILABILITY = YES_AGGRESSIVE;
				CLANG_WARN_UNREACHABLE_CODE = YES;
				CLANG_WARN__DUPLICATE_METHOD_MATCH = YES;
				COPY_PHASE_STRIP = NO;
				CURRENT_PROJECT_VERSION = 1;
				DEBUG_INFORMATION_FORMAT = dwarf;
				ENABLE_STRICT_OBJC_MSGSEND = YES;
				ENABLE_TESTABILITY = YES;
				GCC_C_LANGUAGE_STANDARD = gnu11;
				GCC_DYNAMIC_NO_PIC = NO;
				GCC_NO_COMMON_BLOCKS = YES;
				GCC_OPTIMIZATION_LEVEL = 0;
				GCC_PREPROCESSOR_DEFINITIONS = (
					"DEBUG=1",
					"$(inherited)",
				);
				GCC_WARN_64_TO_32_BIT_CONVERSION = YES;
				GCC_WARN_ABOUT_RETURN_TYPE = YES_ERROR;
				GCC_WARN_UNDECLARED_SELECTOR = YES;
				GCC_WARN_UNINITIALIZED_AUTOS = YES_AGGRESSIVE;
				GCC_WARN_UNUSED_FUNCTION = YES;
				GCC_WARN_UNUSED_VARIABLE = YES;
				IPHONEOS_DEPLOYMENT_TARGET = 13.2;
				MTL_ENABLE_DEBUG_INFO = INCLUDE_SOURCE;
				MTL_FAST_MATH = YES;
				ONLY_ACTIVE_ARCH = YES;
				SDKROOT = iphoneos;
				SWIFT_ACTIVE_COMPILATION_CONDITIONS = DEBUG;
				SWIFT_OPTIMIZATION_LEVEL = "-Onone";
				VERSIONING_SYSTEM = "apple-generic";
				VERSION_INFO_PREFIX = "";
			};
			name = Debug;
		};
		F1D7F9E52379C7EC00E80BCF /* Release */ = {
			isa = XCBuildConfiguration;
			buildSettings = {
				ALWAYS_SEARCH_USER_PATHS = NO;
				CLANG_ANALYZER_NONNULL = YES;
				CLANG_ANALYZER_NUMBER_OBJECT_CONVERSION = YES_AGGRESSIVE;
				CLANG_CXX_LANGUAGE_STANDARD = "gnu++14";
				CLANG_CXX_LIBRARY = "libc++";
				CLANG_ENABLE_MODULES = YES;
				CLANG_ENABLE_OBJC_ARC = YES;
				CLANG_ENABLE_OBJC_WEAK = YES;
				CLANG_WARN_BLOCK_CAPTURE_AUTORELEASING = YES;
				CLANG_WARN_BOOL_CONVERSION = YES;
				CLANG_WARN_COMMA = YES;
				CLANG_WARN_CONSTANT_CONVERSION = YES;
				CLANG_WARN_DEPRECATED_OBJC_IMPLEMENTATIONS = YES;
				CLANG_WARN_DIRECT_OBJC_ISA_USAGE = YES_ERROR;
				CLANG_WARN_DOCUMENTATION_COMMENTS = YES;
				CLANG_WARN_EMPTY_BODY = YES;
				CLANG_WARN_ENUM_CONVERSION = YES;
				CLANG_WARN_INFINITE_RECURSION = YES;
				CLANG_WARN_INT_CONVERSION = YES;
				CLANG_WARN_NON_LITERAL_NULL_CONVERSION = YES;
				CLANG_WARN_OBJC_IMPLICIT_RETAIN_SELF = YES;
				CLANG_WARN_OBJC_LITERAL_CONVERSION = YES;
				CLANG_WARN_OBJC_ROOT_CLASS = YES_ERROR;
				CLANG_WARN_RANGE_LOOP_ANALYSIS = YES;
				CLANG_WARN_STRICT_PROTOTYPES = YES;
				CLANG_WARN_SUSPICIOUS_MOVE = YES;
				CLANG_WARN_UNGUARDED_AVAILABILITY = YES_AGGRESSIVE;
				CLANG_WARN_UNREACHABLE_CODE = YES;
				CLANG_WARN__DUPLICATE_METHOD_MATCH = YES;
				COPY_PHASE_STRIP = NO;
				CURRENT_PROJECT_VERSION = 1;
				DEBUG_INFORMATION_FORMAT = "dwarf-with-dsym";
				ENABLE_NS_ASSERTIONS = NO;
				ENABLE_STRICT_OBJC_MSGSEND = YES;
				GCC_C_LANGUAGE_STANDARD = gnu11;
				GCC_NO_COMMON_BLOCKS = YES;
				GCC_WARN_64_TO_32_BIT_CONVERSION = YES;
				GCC_WARN_ABOUT_RETURN_TYPE = YES_ERROR;
				GCC_WARN_UNDECLARED_SELECTOR = YES;
				GCC_WARN_UNINITIALIZED_AUTOS = YES_AGGRESSIVE;
				GCC_WARN_UNUSED_FUNCTION = YES;
				GCC_WARN_UNUSED_VARIABLE = YES;
				IPHONEOS_DEPLOYMENT_TARGET = 13.2;
				MTL_ENABLE_DEBUG_INFO = NO;
				MTL_FAST_MATH = YES;
				SDKROOT = iphoneos;
				SWIFT_COMPILATION_MODE = wholemodule;
				SWIFT_OPTIMIZATION_LEVEL = "-O";
				VALIDATE_PRODUCT = YES;
				VERSIONING_SYSTEM = "apple-generic";
				VERSION_INFO_PREFIX = "";
			};
			name = Release;
		};
		F1DD6989238E7F2E00AD4189 /* Debug */ = {
			isa = XCBuildConfiguration;
			buildSettings = {
				CODE_SIGN_STYLE = Automatic;
				COMBINE_HIDPI_IMAGES = YES;
				INFOPLIST_FILE = GeomKitTest/Info.plist;
				LD_RUNPATH_SEARCH_PATHS = (
					"$(inherited)",
					"@executable_path/../Frameworks",
					"@loader_path/../Frameworks",
				);
				MACOSX_DEPLOYMENT_TARGET = 10.15;
				PRODUCT_BUNDLE_IDENTIFIER = io.github.futurelab.GeomKitTest;
				PRODUCT_NAME = "$(TARGET_NAME)";
				SDKROOT = macosx;
				SWIFT_VERSION = 5.0;
			};
			name = Debug;
		};
		F1DD698A238E7F2E00AD4189 /* Release */ = {
			isa = XCBuildConfiguration;
			buildSettings = {
				CODE_SIGN_STYLE = Automatic;
				COMBINE_HIDPI_IMAGES = YES;
				INFOPLIST_FILE = GeomKitTest/Info.plist;
				LD_RUNPATH_SEARCH_PATHS = (
					"$(inherited)",
					"@executable_path/../Frameworks",
					"@loader_path/../Frameworks",
				);
				MACOSX_DEPLOYMENT_TARGET = 10.15;
				PRODUCT_BUNDLE_IDENTIFIER = io.github.futurelab.GeomKitTest;
				PRODUCT_NAME = "$(TARGET_NAME)";
				SDKROOT = macosx;
				SWIFT_VERSION = 5.0;
			};
			name = Release;
		};
/* End XCBuildConfiguration section */

/* Begin XCConfigurationList section */
		F1D7F9CC2379C7EC00E80BCF /* Build configuration list for PBXProject "GeomKit" */ = {
			isa = XCConfigurationList;
			buildConfigurations = (
				F1D7F9E42379C7EC00E80BCF /* Debug */,
				F1D7F9E52379C7EC00E80BCF /* Release */,
			);
			defaultConfigurationIsVisible = 0;
			defaultConfigurationName = Release;
		};
		F1DD6988238E7F2E00AD4189 /* Build configuration list for PBXNativeTarget "GeomKitTest" */ = {
			isa = XCConfigurationList;
			buildConfigurations = (
				F1DD6989238E7F2E00AD4189 /* Debug */,
				F1DD698A238E7F2E00AD4189 /* Release */,
			);
			defaultConfigurationIsVisible = 0;
			defaultConfigurationName = Release;
		};
/* End XCConfigurationList section */

/* Begin XCRemoteSwiftPackageReference section */
		F15C52FC238E794D00E60B30 /* XCRemoteSwiftPackageReference "NumberSugar" */ = {
			isa = XCRemoteSwiftPackageReference;
			repositoryURL = "https://github.com/eonist/NumberSugar.git";
			requirement = {
				branch = master;
				kind = branch;
			};
		};
/* End XCRemoteSwiftPackageReference section */
	};
	rootObject = F1D7F9C92379C7EC00E80BCF /* Project object */;
}
